
Microsoft Visual Studio Solution File, Format Version 11.00
# Visual Studio 2010
Project("{FAE04EC0-301F-11D3-BF4B-00C04F79EFBC}") = "Publisher", "Publisher\Publisher.csproj", "{D1AE1063-CB45-4D3A-A593-BA2C102C8AFC}"
EndProject
Project("{FAE04EC0-301F-11D3-BF4B-00C04F79EFBC}") = "PubSubClient", "..\PubSubClient\PubSubClient\PubSubClient.csproj", "{B706BFA0-EF76-4510-ACF1-16C144F18B4D}"
EndProject
Project("{FAE04EC0-301F-11D3-BF4B-00C04F79EFBC}") = "PubSubService2", "..\PubSubService2\PubSubService2.csproj", "{9BBB0183-9559-411B-A409-CE7AFA949273}"
EndProject
Global
	GlobalSection(SolutionConfigurationPlatforms) = preSolution
		Debug|Any CPU = Debug|Any CPU
		Release|Any CPU = Release|Any CPU
	EndGlobalSection
	GlobalSection(ProjectConfigurationPlatforms) = postSolution
		{D1AE1063-CB45-4D3A-A593-BA2C102C8AFC}.Debug|Any CPU.ActiveCfg = Debug|Any CPU
		{D1AE1063-CB45-4D3A-A593-BA2C102C8AFC}.Debug|Any CPU.Build.0 = Debug|Any CPU
		{D1AE1063-CB45-4D3A-A593-BA2C102C8AFC}.Release|Any CPU.ActiveCfg = Release|Any CPU
		{D1AE1063-CB45-4D3A-A593-BA2C102C8AFC}.Release|Any CPU.Build.0 = Release|Any CPU
		{B706BFA0-EF76-4510-ACF1-16C144F18B4D}.Debug|Any CPU.ActiveCfg = Debug|Any CPU
		{B706BFA0-EF76-4510-ACF1-16C144F18B4D}.Debug|Any CPU.Build.0 = Debug|Any CPU
		{B706BFA0-EF76-4510-ACF1-16C144F18B4D}.Release|Any CPU.ActiveCfg = Release|Any CPU
		{B706BFA0-EF76-4510-ACF1-16C144F18B4D}.Release|Any CPU.Build.0 = Release|Any CPU
		{9BBB0183-9559-411B-A409-CE7AFA949273}.Debug|Any CPU.ActiveCfg = Debug|Any CPU
		{9BBB0183-9559-411B-A409-CE7AFA949273}.Debug|Any CPU.Build.0 = Debug|Any CPU
		{9BBB0183-9559-411B-A409-CE7AFA949273}.Release|Any CPU.ActiveCfg = Release|Any CPU
		{9BBB0183-9559-411B-A409-CE7AFA949273}.Release|Any CPU.Build.0 = Release|Any CPU
	EndGlobalSection
	GlobalSection(SolutionProperties) = preSolution
		HideSolutionNode = FALSE
	EndGlobalSection
EndGlobal
