
Microsoft Visual Studio Solution File, Format Version 12.00
# Visual Studio 2012
Project("{FAE04EC0-301F-11D3-BF4B-00C04F79EFBC}") = "Jaws", "Jaws\Jaws.csproj", "{ACB2D722-D731-40A0-B2A0-FF81AD008191}"
EndProject
Project("{FAE04EC0-301F-11D3-BF4B-00C04F79EFBC}") = "ZStarDevice", "ZStarDevice\ZStarDevice.csproj", "{97F00229-AFEC-4DF5-A52B-DDB28ABE9170}"
EndProject
Project("{FAE04EC0-301F-11D3-BF4B-00C04F79EFBC}") = "JawsViewerWPF", "JawsViewerWPF\JawsViewerWPF.csproj", "{BC6796A2-2672-4483-8C39-356973BF2672}"
EndProject
Global
	GlobalSection(SolutionConfigurationPlatforms) = preSolution
		Debug|Any CPU = Debug|Any CPU
		Release|Any CPU = Release|Any CPU
	EndGlobalSection
	GlobalSection(ProjectConfigurationPlatforms) = postSolution
		{ACB2D722-D731-40A0-B2A0-FF81AD008191}.Debug|Any CPU.ActiveCfg = Debug|Any CPU
		{ACB2D722-D731-40A0-B2A0-FF81AD008191}.Debug|Any CPU.Build.0 = Debug|Any CPU
		{ACB2D722-D731-40A0-B2A0-FF81AD008191}.Release|Any CPU.ActiveCfg = Release|Any CPU
		{ACB2D722-D731-40A0-B2A0-FF81AD008191}.Release|Any CPU.Build.0 = Release|Any CPU
		{97F00229-AFEC-4DF5-A52B-DDB28ABE9170}.Debug|Any CPU.ActiveCfg = Debug|Any CPU
		{97F00229-AFEC-4DF5-A52B-DDB28ABE9170}.Debug|Any CPU.Build.0 = Debug|Any CPU
		{97F00229-AFEC-4DF5-A52B-DDB28ABE9170}.Release|Any CPU.ActiveCfg = Release|Any CPU
		{97F00229-AFEC-4DF5-A52B-DDB28ABE9170}.Release|Any CPU.Build.0 = Release|Any CPU
		{BC6796A2-2672-4483-8C39-356973BF2672}.Debug|Any CPU.ActiveCfg = Debug|Any CPU
		{BC6796A2-2672-4483-8C39-356973BF2672}.Debug|Any CPU.Build.0 = Debug|Any CPU
		{BC6796A2-2672-4483-8C39-356973BF2672}.Release|Any CPU.ActiveCfg = Release|Any CPU
		{BC6796A2-2672-4483-8C39-356973BF2672}.Release|Any CPU.Build.0 = Release|Any CPU
	EndGlobalSection
	GlobalSection(SolutionProperties) = preSolution
		HideSolutionNode = FALSE
	EndGlobalSection
EndGlobal
