
Microsoft Visual Studio Solution File, Format Version 10.00
# Visual Studio 2008
Project("{FAE04EC0-301F-11D3-BF4B-00C04F79EFBC}") = "BevCart", "BevCart\BevCart.csproj", "{2FD8DC56-BA9B-4F86-921E-529CB5B70B5D}"
EndProject
Project("{FAE04EC0-301F-11D3-BF4B-00C04F79EFBC}") = "JaxisEngine", "JaxisEngine\JaxisEngine.csproj", "{703F742F-2F69-498B-9A29-693F9EF74F2D}"
EndProject
Project("{FAE04EC0-301F-11D3-BF4B-00C04F79EFBC}") = "BevMessage", "IMessage\BevMessage.csproj", "{6C42C626-781C-4C31-B580-78BA2AADA113}"
EndProject
Project("{FAE04EC0-301F-11D3-BF4B-00C04F79EFBC}") = "TestProdDev", "TestProdDev\TestProdDev.csproj", "{EFA153BF-D5AA-44DB-805B-00E41629B124}"
EndProject
Project("{FAE04EC0-301F-11D3-BF4B-00C04F79EFBC}") = "JaxisInterfaces", "JaxisInterfaces\JaxisInterfaces.csproj", "{77AB9947-1F31-4BF2-86ED-24D20ED9A5DB}"
EndProject
Project("{FAE04EC0-301F-11D3-BF4B-00C04F79EFBC}") = "iPortMB", "..\Plugins\Identec\iPortMB\iPortMB.csproj", "{5A953851-8DAB-49E6-89BD-FE321FAA249E}"
EndProject
Project("{2150E333-8FDC-42A3-9474-1A3956D46DE8}") = "Plugins", "Plugins", "{F8C1AFDE-5677-42D7-8838-462101B292B0}"
EndProject
Project("{FAE04EC0-301F-11D3-BF4B-00C04F79EFBC}") = "BaseDevice", "..\Plugins\BaseDevice\BaseDevice.csproj", "{9768CE9C-343E-4EC1-B6DF-F5B86A721C8D}"
EndProject
Project("{FAE04EC0-301F-11D3-BF4B-00C04F79EFBC}") = "BevClasses", "BevClasses\BevClasses.csproj", "{C7592C7C-44E1-471A-8225-FDA93C1E5E08}"
EndProject
Project("{FAE04EC0-301F-11D3-BF4B-00C04F79EFBC}") = "BevDBDev", "BevDBDev\BevDBDev.csproj", "{FB0D825F-015B-4C08-8BCF-812F220E1D4F}"
EndProject
Project("{FAE04EC0-301F-11D3-BF4B-00C04F79EFBC}") = "BevWCFDB", "BevWCFDB\BevWCFDB.csproj", "{63F48E1F-6009-4BDD-BAEE-8D31816F4ABB}"
EndProject
Project("{FAE04EC0-301F-11D3-BF4B-00C04F79EFBC}") = "DBService", "DBService\DBService.csproj", "{1185D4EB-AC7B-4BBF-B65A-2091192292F6}"
EndProject
Project("{FAE04EC0-301F-11D3-BF4B-00C04F79EFBC}") = "ServiceDll", "ServiceDll\ServiceDll.csproj", "{738167D2-2A6F-4606-AD36-44B642E7A220}"
EndProject
Global
	GlobalSection(SolutionConfigurationPlatforms) = preSolution
		Debug|Any CPU = Debug|Any CPU
		Debug|x86 = Debug|x86
		Release|Any CPU = Release|Any CPU
		Release|x86 = Release|x86
	EndGlobalSection
	GlobalSection(ProjectConfigurationPlatforms) = postSolution
		{2FD8DC56-BA9B-4F86-921E-529CB5B70B5D}.Debug|Any CPU.ActiveCfg = Debug|Any CPU
		{2FD8DC56-BA9B-4F86-921E-529CB5B70B5D}.Debug|Any CPU.Build.0 = Debug|Any CPU
		{2FD8DC56-BA9B-4F86-921E-529CB5B70B5D}.Debug|x86.ActiveCfg = Debug|x86
		{2FD8DC56-BA9B-4F86-921E-529CB5B70B5D}.Debug|x86.Build.0 = Debug|x86
		{2FD8DC56-BA9B-4F86-921E-529CB5B70B5D}.Release|Any CPU.ActiveCfg = Release|Any CPU
		{2FD8DC56-BA9B-4F86-921E-529CB5B70B5D}.Release|Any CPU.Build.0 = Release|Any CPU
		{2FD8DC56-BA9B-4F86-921E-529CB5B70B5D}.Release|x86.ActiveCfg = Release|x86
		{2FD8DC56-BA9B-4F86-921E-529CB5B70B5D}.Release|x86.Build.0 = Release|x86
		{703F742F-2F69-498B-9A29-693F9EF74F2D}.Debug|Any CPU.ActiveCfg = Debug|Any CPU
		{703F742F-2F69-498B-9A29-693F9EF74F2D}.Debug|Any CPU.Build.0 = Debug|Any CPU
		{703F742F-2F69-498B-9A29-693F9EF74F2D}.Debug|x86.ActiveCfg = Debug|x86
		{703F742F-2F69-498B-9A29-693F9EF74F2D}.Debug|x86.Build.0 = Debug|x86
		{703F742F-2F69-498B-9A29-693F9EF74F2D}.Release|Any CPU.ActiveCfg = Release|Any CPU
		{703F742F-2F69-498B-9A29-693F9EF74F2D}.Release|Any CPU.Build.0 = Release|Any CPU
		{703F742F-2F69-498B-9A29-693F9EF74F2D}.Release|x86.ActiveCfg = Release|x86
		{703F742F-2F69-498B-9A29-693F9EF74F2D}.Release|x86.Build.0 = Release|x86
		{6C42C626-781C-4C31-B580-78BA2AADA113}.Debug|Any CPU.ActiveCfg = Debug|Any CPU
		{6C42C626-781C-4C31-B580-78BA2AADA113}.Debug|Any CPU.Build.0 = Debug|Any CPU
		{6C42C626-781C-4C31-B580-78BA2AADA113}.Debug|x86.ActiveCfg = Debug|x86
		{6C42C626-781C-4C31-B580-78BA2AADA113}.Debug|x86.Build.0 = Debug|x86
		{6C42C626-781C-4C31-B580-78BA2AADA113}.Release|Any CPU.ActiveCfg = Release|Any CPU
		{6C42C626-781C-4C31-B580-78BA2AADA113}.Release|Any CPU.Build.0 = Release|Any CPU
		{6C42C626-781C-4C31-B580-78BA2AADA113}.Release|x86.ActiveCfg = Release|x86
		{6C42C626-781C-4C31-B580-78BA2AADA113}.Release|x86.Build.0 = Release|x86
		{EFA153BF-D5AA-44DB-805B-00E41629B124}.Debug|Any CPU.ActiveCfg = Debug|Any CPU
		{EFA153BF-D5AA-44DB-805B-00E41629B124}.Debug|Any CPU.Build.0 = Debug|Any CPU
		{EFA153BF-D5AA-44DB-805B-00E41629B124}.Debug|x86.ActiveCfg = Debug|x86
		{EFA153BF-D5AA-44DB-805B-00E41629B124}.Debug|x86.Build.0 = Debug|x86
		{EFA153BF-D5AA-44DB-805B-00E41629B124}.Release|Any CPU.ActiveCfg = Release|Any CPU
		{EFA153BF-D5AA-44DB-805B-00E41629B124}.Release|Any CPU.Build.0 = Release|Any CPU
		{EFA153BF-D5AA-44DB-805B-00E41629B124}.Release|x86.ActiveCfg = Release|x86
		{EFA153BF-D5AA-44DB-805B-00E41629B124}.Release|x86.Build.0 = Release|x86
		{77AB9947-1F31-4BF2-86ED-24D20ED9A5DB}.Debug|Any CPU.ActiveCfg = Debug|Any CPU
		{77AB9947-1F31-4BF2-86ED-24D20ED9A5DB}.Debug|Any CPU.Build.0 = Debug|Any CPU
		{77AB9947-1F31-4BF2-86ED-24D20ED9A5DB}.Debug|x86.ActiveCfg = Debug|x86
		{77AB9947-1F31-4BF2-86ED-24D20ED9A5DB}.Debug|x86.Build.0 = Debug|x86
		{77AB9947-1F31-4BF2-86ED-24D20ED9A5DB}.Release|Any CPU.ActiveCfg = Release|Any CPU
		{77AB9947-1F31-4BF2-86ED-24D20ED9A5DB}.Release|Any CPU.Build.0 = Release|Any CPU
		{77AB9947-1F31-4BF2-86ED-24D20ED9A5DB}.Release|x86.ActiveCfg = Release|x86
		{77AB9947-1F31-4BF2-86ED-24D20ED9A5DB}.Release|x86.Build.0 = Release|x86
		{5A953851-8DAB-49E6-89BD-FE321FAA249E}.Debug|Any CPU.ActiveCfg = Debug|Any CPU
		{5A953851-8DAB-49E6-89BD-FE321FAA249E}.Debug|Any CPU.Build.0 = Debug|Any CPU
		{5A953851-8DAB-49E6-89BD-FE321FAA249E}.Debug|x86.ActiveCfg = Debug|x86
		{5A953851-8DAB-49E6-89BD-FE321FAA249E}.Debug|x86.Build.0 = Debug|x86
		{5A953851-8DAB-49E6-89BD-FE321FAA249E}.Release|Any CPU.ActiveCfg = Release|Any CPU
		{5A953851-8DAB-49E6-89BD-FE321FAA249E}.Release|Any CPU.Build.0 = Release|Any CPU
		{5A953851-8DAB-49E6-89BD-FE321FAA249E}.Release|x86.ActiveCfg = Release|x86
		{5A953851-8DAB-49E6-89BD-FE321FAA249E}.Release|x86.Build.0 = Release|x86
		{9768CE9C-343E-4EC1-B6DF-F5B86A721C8D}.Debug|Any CPU.ActiveCfg = Debug|Any CPU
		{9768CE9C-343E-4EC1-B6DF-F5B86A721C8D}.Debug|Any CPU.Build.0 = Debug|Any CPU
		{9768CE9C-343E-4EC1-B6DF-F5B86A721C8D}.Debug|x86.ActiveCfg = Debug|x86
		{9768CE9C-343E-4EC1-B6DF-F5B86A721C8D}.Debug|x86.Build.0 = Debug|x86
		{9768CE9C-343E-4EC1-B6DF-F5B86A721C8D}.Release|Any CPU.ActiveCfg = Release|Any CPU
		{9768CE9C-343E-4EC1-B6DF-F5B86A721C8D}.Release|Any CPU.Build.0 = Release|Any CPU
		{9768CE9C-343E-4EC1-B6DF-F5B86A721C8D}.Release|x86.ActiveCfg = Release|x86
		{9768CE9C-343E-4EC1-B6DF-F5B86A721C8D}.Release|x86.Build.0 = Release|x86
		{C7592C7C-44E1-471A-8225-FDA93C1E5E08}.Debug|Any CPU.ActiveCfg = Debug|Any CPU
		{C7592C7C-44E1-471A-8225-FDA93C1E5E08}.Debug|Any CPU.Build.0 = Debug|Any CPU
		{C7592C7C-44E1-471A-8225-FDA93C1E5E08}.Debug|x86.ActiveCfg = Debug|x86
		{C7592C7C-44E1-471A-8225-FDA93C1E5E08}.Debug|x86.Build.0 = Debug|x86
		{C7592C7C-44E1-471A-8225-FDA93C1E5E08}.Release|Any CPU.ActiveCfg = Release|Any CPU
		{C7592C7C-44E1-471A-8225-FDA93C1E5E08}.Release|Any CPU.Build.0 = Release|Any CPU
		{C7592C7C-44E1-471A-8225-FDA93C1E5E08}.Release|x86.ActiveCfg = Release|x86
		{C7592C7C-44E1-471A-8225-FDA93C1E5E08}.Release|x86.Build.0 = Release|x86
		{FB0D825F-015B-4C08-8BCF-812F220E1D4F}.Debug|Any CPU.ActiveCfg = Debug|Any CPU
		{FB0D825F-015B-4C08-8BCF-812F220E1D4F}.Debug|Any CPU.Build.0 = Debug|Any CPU
		{FB0D825F-015B-4C08-8BCF-812F220E1D4F}.Debug|x86.ActiveCfg = Debug|x86
		{FB0D825F-015B-4C08-8BCF-812F220E1D4F}.Debug|x86.Build.0 = Debug|x86
		{FB0D825F-015B-4C08-8BCF-812F220E1D4F}.Release|Any CPU.ActiveCfg = Release|Any CPU
		{FB0D825F-015B-4C08-8BCF-812F220E1D4F}.Release|Any CPU.Build.0 = Release|Any CPU
		{FB0D825F-015B-4C08-8BCF-812F220E1D4F}.Release|x86.ActiveCfg = Release|x86
		{FB0D825F-015B-4C08-8BCF-812F220E1D4F}.Release|x86.Build.0 = Release|x86
		{63F48E1F-6009-4BDD-BAEE-8D31816F4ABB}.Debug|Any CPU.ActiveCfg = Debug|Any CPU
		{63F48E1F-6009-4BDD-BAEE-8D31816F4ABB}.Debug|Any CPU.Build.0 = Debug|Any CPU
		{63F48E1F-6009-4BDD-BAEE-8D31816F4ABB}.Debug|x86.ActiveCfg = Debug|x86
		{63F48E1F-6009-4BDD-BAEE-8D31816F4ABB}.Debug|x86.Build.0 = Debug|x86
		{63F48E1F-6009-4BDD-BAEE-8D31816F4ABB}.Release|Any CPU.ActiveCfg = Release|Any CPU
		{63F48E1F-6009-4BDD-BAEE-8D31816F4ABB}.Release|Any CPU.Build.0 = Release|Any CPU
		{63F48E1F-6009-4BDD-BAEE-8D31816F4ABB}.Release|x86.ActiveCfg = Release|x86
		{63F48E1F-6009-4BDD-BAEE-8D31816F4ABB}.Release|x86.Build.0 = Release|x86
		{1185D4EB-AC7B-4BBF-B65A-2091192292F6}.Debug|Any CPU.ActiveCfg = Debug|Any CPU
		{1185D4EB-AC7B-4BBF-B65A-2091192292F6}.Debug|Any CPU.Build.0 = Debug|Any CPU
		{1185D4EB-AC7B-4BBF-B65A-2091192292F6}.Debug|x86.ActiveCfg = Debug|x86
		{1185D4EB-AC7B-4BBF-B65A-2091192292F6}.Debug|x86.Build.0 = Debug|x86
		{1185D4EB-AC7B-4BBF-B65A-2091192292F6}.Release|Any CPU.ActiveCfg = Release|Any CPU
		{1185D4EB-AC7B-4BBF-B65A-2091192292F6}.Release|Any CPU.Build.0 = Release|Any CPU
		{1185D4EB-AC7B-4BBF-B65A-2091192292F6}.Release|x86.ActiveCfg = Release|x86
		{1185D4EB-AC7B-4BBF-B65A-2091192292F6}.Release|x86.Build.0 = Release|x86
		{738167D2-2A6F-4606-AD36-44B642E7A220}.Debug|Any CPU.ActiveCfg = Debug|Any CPU
		{738167D2-2A6F-4606-AD36-44B642E7A220}.Debug|Any CPU.Build.0 = Debug|Any CPU
		{738167D2-2A6F-4606-AD36-44B642E7A220}.Debug|x86.ActiveCfg = Debug|x86
		{738167D2-2A6F-4606-AD36-44B642E7A220}.Debug|x86.Build.0 = Debug|x86
		{738167D2-2A6F-4606-AD36-44B642E7A220}.Release|Any CPU.ActiveCfg = Release|Any CPU
		{738167D2-2A6F-4606-AD36-44B642E7A220}.Release|Any CPU.Build.0 = Release|Any CPU
		{738167D2-2A6F-4606-AD36-44B642E7A220}.Release|x86.ActiveCfg = Release|x86
		{738167D2-2A6F-4606-AD36-44B642E7A220}.Release|x86.Build.0 = Release|x86
	EndGlobalSection
	GlobalSection(SolutionProperties) = preSolution
		HideSolutionNode = FALSE
	EndGlobalSection
	GlobalSection(NestedProjects) = preSolution
		{5A953851-8DAB-49E6-89BD-FE321FAA249E} = {F8C1AFDE-5677-42D7-8838-462101B292B0}
		{EFA153BF-D5AA-44DB-805B-00E41629B124} = {F8C1AFDE-5677-42D7-8838-462101B292B0}
		{9768CE9C-343E-4EC1-B6DF-F5B86A721C8D} = {F8C1AFDE-5677-42D7-8838-462101B292B0}
		{FB0D825F-015B-4C08-8BCF-812F220E1D4F} = {F8C1AFDE-5677-42D7-8838-462101B292B0}
	EndGlobalSection
EndGlobal
