
Microsoft Visual Studio Solution File, Format Version 11.00
# Visual Studio 2010
Project("{FAE04EC0-301F-11D3-BF4B-00C04F79EFBC}") = "Sunglass Mirror", "Sunglass Mirror\Sunglass Mirror.csproj", "{1E67EAFB-8A23-43B8-84AA-D15C37B8D440}"
EndProject
Project("{FAE04EC0-301F-11D3-BF4B-00C04F79EFBC}") = "WebCam Capture", "WebCam Capture\WebCam Capture.csproj", "{EF17E645-7BCD-41A5-9428-3E4F71855D30}"
EndProject
Global
	GlobalSection(SolutionConfigurationPlatforms) = preSolution
		Debug|Any CPU = Debug|Any CPU
		Release|Any CPU = Release|Any CPU
	EndGlobalSection
	GlobalSection(ProjectConfigurationPlatforms) = postSolution
		{1E67EAFB-8A23-43B8-84AA-D15C37B8D440}.Debug|Any CPU.ActiveCfg = Debug|Any CPU
		{1E67EAFB-8A23-43B8-84AA-D15C37B8D440}.Debug|Any CPU.Build.0 = Debug|Any CPU
		{1E67EAFB-8A23-43B8-84AA-D15C37B8D440}.Release|Any CPU.ActiveCfg = Release|Any CPU
		{1E67EAFB-8A23-43B8-84AA-D15C37B8D440}.Release|Any CPU.Build.0 = Release|Any CPU
		{EF17E645-7BCD-41A5-9428-3E4F71855D30}.Debug|Any CPU.ActiveCfg = Debug|Any CPU
		{EF17E645-7BCD-41A5-9428-3E4F71855D30}.Debug|Any CPU.Build.0 = Debug|Any CPU
		{EF17E645-7BCD-41A5-9428-3E4F71855D30}.Release|Any CPU.ActiveCfg = Release|Any CPU
		{EF17E645-7BCD-41A5-9428-3E4F71855D30}.Release|Any CPU.Build.0 = Release|Any CPU
	EndGlobalSection
	GlobalSection(SolutionProperties) = preSolution
		HideSolutionNode = FALSE
	EndGlobalSection
EndGlobal
