
Microsoft Visual Studio Solution File, Format Version 12.00
# Visual Studio 2013
VisualStudioVersion = 12.0.21005.1
MinimumVisualStudioVersion = 10.0.40219.1
Project("{FAE04EC0-301F-11D3-BF4B-00C04F79EFBC}") = "HelloWorld1", "HelloWorld1\HelloWorld1.csproj", "{AB0D48D9-9CEE-4E75-94A3-2E75D76CE809}"
EndProject
Global
	GlobalSection(SolutionConfigurationPlatforms) = preSolution
		Ad-Hoc|iPhone = Ad-Hoc|iPhone
		Ad-Hoc|iPhoneSimulator = Ad-Hoc|iPhoneSimulator
		AppStore|iPhone = AppStore|iPhone
		AppStore|iPhoneSimulator = AppStore|iPhoneSimulator
		Debug|iPhone = Debug|iPhone
		Debug|iPhoneSimulator = Debug|iPhoneSimulator
		Release|iPhone = Release|iPhone
		Release|iPhoneSimulator = Release|iPhoneSimulator
	EndGlobalSection
	GlobalSection(ProjectConfigurationPlatforms) = postSolution
		{AB0D48D9-9CEE-4E75-94A3-2E75D76CE809}.Ad-Hoc|iPhone.ActiveCfg = Ad-Hoc|iPhone
		{AB0D48D9-9CEE-4E75-94A3-2E75D76CE809}.Ad-Hoc|iPhone.Build.0 = Ad-Hoc|iPhone
		{AB0D48D9-9CEE-4E75-94A3-2E75D76CE809}.Ad-Hoc|iPhoneSimulator.ActiveCfg = Ad-Hoc|iPhoneSimulator
		{AB0D48D9-9CEE-4E75-94A3-2E75D76CE809}.Ad-Hoc|iPhoneSimulator.Build.0 = Ad-Hoc|iPhoneSimulator
		{AB0D48D9-9CEE-4E75-94A3-2E75D76CE809}.AppStore|iPhone.ActiveCfg = AppStore|iPhone
		{AB0D48D9-9CEE-4E75-94A3-2E75D76CE809}.AppStore|iPhone.Build.0 = AppStore|iPhone
		{AB0D48D9-9CEE-4E75-94A3-2E75D76CE809}.AppStore|iPhoneSimulator.ActiveCfg = AppStore|iPhoneSimulator
		{AB0D48D9-9CEE-4E75-94A3-2E75D76CE809}.AppStore|iPhoneSimulator.Build.0 = AppStore|iPhoneSimulator
		{AB0D48D9-9CEE-4E75-94A3-2E75D76CE809}.Debug|iPhone.ActiveCfg = Debug|iPhone
		{AB0D48D9-9CEE-4E75-94A3-2E75D76CE809}.Debug|iPhone.Build.0 = Debug|iPhone
		{AB0D48D9-9CEE-4E75-94A3-2E75D76CE809}.Debug|iPhoneSimulator.ActiveCfg = Debug|iPhoneSimulator
		{AB0D48D9-9CEE-4E75-94A3-2E75D76CE809}.Debug|iPhoneSimulator.Build.0 = Debug|iPhoneSimulator
		{AB0D48D9-9CEE-4E75-94A3-2E75D76CE809}.Release|iPhone.ActiveCfg = Release|iPhone
		{AB0D48D9-9CEE-4E75-94A3-2E75D76CE809}.Release|iPhone.Build.0 = Release|iPhone
		{AB0D48D9-9CEE-4E75-94A3-2E75D76CE809}.Release|iPhoneSimulator.ActiveCfg = Release|iPhoneSimulator
		{AB0D48D9-9CEE-4E75-94A3-2E75D76CE809}.Release|iPhoneSimulator.Build.0 = Release|iPhoneSimulator
	EndGlobalSection
	GlobalSection(SolutionProperties) = preSolution
		HideSolutionNode = FALSE
	EndGlobalSection
EndGlobal
