
Microsoft Visual Studio Solution File, Format Version 10.00
# Visual Studio 2008
Project("{FAE04EC0-301F-11D3-BF4B-00C04F79EFBC}") = "ServiceLibrary", "ServiceLibrary\ServiceLibrary.csproj", "{A4261486-9B80-46B2-A733-C8D28455FED9}"
EndProject
Project("{2150E333-8FDC-42A3-9474-1A3956D46DE8}") = "Server", "Server", "{775A9E3E-B607-48D8-BB29-5054BEE4DF0F}"
EndProject
Project("{FAE04EC0-301F-11D3-BF4B-00C04F79EFBC}") = "Data", "Data\Data.csproj", "{48FFFCA5-8D7F-4EC1-B500-96D5DDB47060}"
EndProject
Project("{FAE04EC0-301F-11D3-BF4B-00C04F79EFBC}") = "DataManager", "DataManager\DataManager.csproj", "{3EB163AA-87DB-4DE8-89B2-F9B953C025E5}"
EndProject
Project("{FAE04EC0-301F-11D3-BF4B-00C04F79EFBC}") = "LFI.Sync.Shared", "Sync.Shared\LFI.Sync.Shared.csproj", "{A2190EEE-D4C6-4B57-8ECD-EFDD09F1E888}"
EndProject
Project("{FAE04EC0-301F-11D3-BF4B-00C04F79EFBC}") = "Proxy", "Proxy\Proxy.csproj", "{1B1479E1-4020-4B37-B96A-A62A063A984B}"
	ProjectSection(ProjectDependencies) = postProject
		{A1F3E283-7FA0-4884-8342-9B6EF248C17E} = {A1F3E283-7FA0-4884-8342-9B6EF248C17E}
	EndProjectSection
EndProject
Project("{FAE04EC0-301F-11D3-BF4B-00C04F79EFBC}") = "Service", "Service\Service.csproj", "{2AAB5F42-AF65-4AEC-8DA3-3B83D442A70D}"
EndProject
Project("{FAE04EC0-301F-11D3-BF4B-00C04F79EFBC}") = "ServiceHost", "ServiceHost\ServiceHost.csproj", "{A1F3E283-7FA0-4884-8342-9B6EF248C17E}"
EndProject
Project("{FAE04EC0-301F-11D3-BF4B-00C04F79EFBC}") = "PS.Shared", "PS.Shared\PS.Shared.csproj", "{D84261F6-D6A4-493B-B538-6FC504A6096F}"
EndProject
Project("{FAE04EC0-301F-11D3-BF4B-00C04F79EFBC}") = "PSClient", "PSClient\PSClient.csproj", "{0B2F1A38-53CB-45E3-817D-9F4C380EB008}"
EndProject
Project("{FAE04EC0-301F-11D3-BF4B-00C04F79EFBC}") = "JaxisForeignKeyHelpers", "..\..\..\JaxisForeignKeyHelpers\JaxisForeignKeyHelpers.csproj", "{4E5DC29D-121F-4D34-AA7F-66ED9B90F330}"
EndProject
Global
	GlobalSection(SolutionConfigurationPlatforms) = preSolution
		Debug|Any CPU = Debug|Any CPU
		Release|Any CPU = Release|Any CPU
	EndGlobalSection
	GlobalSection(ProjectConfigurationPlatforms) = postSolution
		{A4261486-9B80-46B2-A733-C8D28455FED9}.Debug|Any CPU.ActiveCfg = Debug|Any CPU
		{A4261486-9B80-46B2-A733-C8D28455FED9}.Debug|Any CPU.Build.0 = Debug|Any CPU
		{A4261486-9B80-46B2-A733-C8D28455FED9}.Release|Any CPU.ActiveCfg = Release|Any CPU
		{A4261486-9B80-46B2-A733-C8D28455FED9}.Release|Any CPU.Build.0 = Release|Any CPU
		{48FFFCA5-8D7F-4EC1-B500-96D5DDB47060}.Debug|Any CPU.ActiveCfg = Debug|Any CPU
		{48FFFCA5-8D7F-4EC1-B500-96D5DDB47060}.Debug|Any CPU.Build.0 = Debug|Any CPU
		{48FFFCA5-8D7F-4EC1-B500-96D5DDB47060}.Release|Any CPU.ActiveCfg = Release|Any CPU
		{48FFFCA5-8D7F-4EC1-B500-96D5DDB47060}.Release|Any CPU.Build.0 = Release|Any CPU
		{3EB163AA-87DB-4DE8-89B2-F9B953C025E5}.Debug|Any CPU.ActiveCfg = Debug|Any CPU
		{3EB163AA-87DB-4DE8-89B2-F9B953C025E5}.Debug|Any CPU.Build.0 = Debug|Any CPU
		{3EB163AA-87DB-4DE8-89B2-F9B953C025E5}.Release|Any CPU.ActiveCfg = Release|Any CPU
		{3EB163AA-87DB-4DE8-89B2-F9B953C025E5}.Release|Any CPU.Build.0 = Release|Any CPU
		{A2190EEE-D4C6-4B57-8ECD-EFDD09F1E888}.Debug|Any CPU.ActiveCfg = Debug|Any CPU
		{A2190EEE-D4C6-4B57-8ECD-EFDD09F1E888}.Debug|Any CPU.Build.0 = Debug|Any CPU
		{A2190EEE-D4C6-4B57-8ECD-EFDD09F1E888}.Release|Any CPU.ActiveCfg = Release|Any CPU
		{A2190EEE-D4C6-4B57-8ECD-EFDD09F1E888}.Release|Any CPU.Build.0 = Release|Any CPU
		{1B1479E1-4020-4B37-B96A-A62A063A984B}.Debug|Any CPU.ActiveCfg = Debug|Any CPU
		{1B1479E1-4020-4B37-B96A-A62A063A984B}.Debug|Any CPU.Build.0 = Debug|Any CPU
		{1B1479E1-4020-4B37-B96A-A62A063A984B}.Release|Any CPU.ActiveCfg = Release|Any CPU
		{1B1479E1-4020-4B37-B96A-A62A063A984B}.Release|Any CPU.Build.0 = Release|Any CPU
		{2AAB5F42-AF65-4AEC-8DA3-3B83D442A70D}.Debug|Any CPU.ActiveCfg = Debug|Any CPU
		{2AAB5F42-AF65-4AEC-8DA3-3B83D442A70D}.Debug|Any CPU.Build.0 = Debug|Any CPU
		{2AAB5F42-AF65-4AEC-8DA3-3B83D442A70D}.Release|Any CPU.ActiveCfg = Release|Any CPU
		{2AAB5F42-AF65-4AEC-8DA3-3B83D442A70D}.Release|Any CPU.Build.0 = Release|Any CPU
		{A1F3E283-7FA0-4884-8342-9B6EF248C17E}.Debug|Any CPU.ActiveCfg = Debug|Any CPU
		{A1F3E283-7FA0-4884-8342-9B6EF248C17E}.Debug|Any CPU.Build.0 = Debug|Any CPU
		{A1F3E283-7FA0-4884-8342-9B6EF248C17E}.Release|Any CPU.ActiveCfg = Release|Any CPU
		{A1F3E283-7FA0-4884-8342-9B6EF248C17E}.Release|Any CPU.Build.0 = Release|Any CPU
		{D84261F6-D6A4-493B-B538-6FC504A6096F}.Debug|Any CPU.ActiveCfg = Debug|Any CPU
		{D84261F6-D6A4-493B-B538-6FC504A6096F}.Debug|Any CPU.Build.0 = Debug|Any CPU
		{D84261F6-D6A4-493B-B538-6FC504A6096F}.Release|Any CPU.ActiveCfg = Release|Any CPU
		{D84261F6-D6A4-493B-B538-6FC504A6096F}.Release|Any CPU.Build.0 = Release|Any CPU
		{0B2F1A38-53CB-45E3-817D-9F4C380EB008}.Debug|Any CPU.ActiveCfg = Debug|Any CPU
		{0B2F1A38-53CB-45E3-817D-9F4C380EB008}.Debug|Any CPU.Build.0 = Debug|Any CPU
		{0B2F1A38-53CB-45E3-817D-9F4C380EB008}.Release|Any CPU.ActiveCfg = Release|Any CPU
		{0B2F1A38-53CB-45E3-817D-9F4C380EB008}.Release|Any CPU.Build.0 = Release|Any CPU
		{4E5DC29D-121F-4D34-AA7F-66ED9B90F330}.Debug|Any CPU.ActiveCfg = Debug|Any CPU
		{4E5DC29D-121F-4D34-AA7F-66ED9B90F330}.Debug|Any CPU.Build.0 = Debug|Any CPU
		{4E5DC29D-121F-4D34-AA7F-66ED9B90F330}.Release|Any CPU.ActiveCfg = Release|Any CPU
		{4E5DC29D-121F-4D34-AA7F-66ED9B90F330}.Release|Any CPU.Build.0 = Release|Any CPU
	EndGlobalSection
	GlobalSection(SolutionProperties) = preSolution
		HideSolutionNode = FALSE
	EndGlobalSection
	GlobalSection(NestedProjects) = preSolution
		{A4261486-9B80-46B2-A733-C8D28455FED9} = {775A9E3E-B607-48D8-BB29-5054BEE4DF0F}
		{48FFFCA5-8D7F-4EC1-B500-96D5DDB47060} = {775A9E3E-B607-48D8-BB29-5054BEE4DF0F}
		{1B1479E1-4020-4B37-B96A-A62A063A984B} = {775A9E3E-B607-48D8-BB29-5054BEE4DF0F}
		{2AAB5F42-AF65-4AEC-8DA3-3B83D442A70D} = {775A9E3E-B607-48D8-BB29-5054BEE4DF0F}
		{A1F3E283-7FA0-4884-8342-9B6EF248C17E} = {775A9E3E-B607-48D8-BB29-5054BEE4DF0F}
		{0B2F1A38-53CB-45E3-817D-9F4C380EB008} = {775A9E3E-B607-48D8-BB29-5054BEE4DF0F}
	EndGlobalSection
EndGlobal
