
Microsoft Visual Studio Solution File, Format Version 11.00
# Visual Studio 2010
Project("{FAE04EC0-301F-11D3-BF4B-00C04F79EFBC}") = "ElevationControl", "ElevationControl\ElevationControl.csproj", "{7F029D67-6A96-4235-8956-7FB994B33932}"
EndProject
Project("{FAE04EC0-301F-11D3-BF4B-00C04F79EFBC}") = "TestElevation", "..\TestElevation\TestElevation.csproj", "{B37A6F35-75EF-432B-8C1B-59A2A8C8A5F0}"
EndProject
Project("{FAE04EC0-301F-11D3-BF4B-00C04F79EFBC}") = "TestElevation.Web", "..\TestElevation.Web\TestElevation.Web.csproj", "{E17A3BFF-1EE8-476E-8BD8-8E4F8D8BFE22}"
EndProject
Global
	GlobalSection(SolutionConfigurationPlatforms) = preSolution
		Debug|Any CPU = Debug|Any CPU
		Release|Any CPU = Release|Any CPU
	EndGlobalSection
	GlobalSection(ProjectConfigurationPlatforms) = postSolution
		{7F029D67-6A96-4235-8956-7FB994B33932}.Debug|Any CPU.ActiveCfg = Debug|Any CPU
		{7F029D67-6A96-4235-8956-7FB994B33932}.Debug|Any CPU.Build.0 = Debug|Any CPU
		{7F029D67-6A96-4235-8956-7FB994B33932}.Release|Any CPU.ActiveCfg = Release|Any CPU
		{7F029D67-6A96-4235-8956-7FB994B33932}.Release|Any CPU.Build.0 = Release|Any CPU
		{B37A6F35-75EF-432B-8C1B-59A2A8C8A5F0}.Debug|Any CPU.ActiveCfg = Debug|Any CPU
		{B37A6F35-75EF-432B-8C1B-59A2A8C8A5F0}.Debug|Any CPU.Build.0 = Debug|Any CPU
		{B37A6F35-75EF-432B-8C1B-59A2A8C8A5F0}.Release|Any CPU.ActiveCfg = Release|Any CPU
		{B37A6F35-75EF-432B-8C1B-59A2A8C8A5F0}.Release|Any CPU.Build.0 = Release|Any CPU
		{E17A3BFF-1EE8-476E-8BD8-8E4F8D8BFE22}.Debug|Any CPU.ActiveCfg = Debug|Any CPU
		{E17A3BFF-1EE8-476E-8BD8-8E4F8D8BFE22}.Debug|Any CPU.Build.0 = Debug|Any CPU
		{E17A3BFF-1EE8-476E-8BD8-8E4F8D8BFE22}.Release|Any CPU.ActiveCfg = Release|Any CPU
		{E17A3BFF-1EE8-476E-8BD8-8E4F8D8BFE22}.Release|Any CPU.Build.0 = Release|Any CPU
	EndGlobalSection
	GlobalSection(SolutionProperties) = preSolution
		HideSolutionNode = FALSE
	EndGlobalSection
EndGlobal
