
Microsoft Visual Studio Solution File, Format Version 12.00
# Visual Studio 2013
VisualStudioVersion = 12.0.21005.1
MinimumVisualStudioVersion = 10.0.40219.1
Project("{FAE04EC0-301F-11D3-BF4B-00C04F79EFBC}") = "3dToothLoad", "3dToothLoad\3dToothLoad.csproj", "{55E0E697-DD2B-48D1-8DD5-945A383BA8F9}"
EndProject
Project("{FAE04EC0-301F-11D3-BF4B-00C04F79EFBC}") = "JawsViewerWPF", "JawsViewerWPF\JawsViewerWPF.csproj", "{BC6796A2-2672-4483-8C39-356973BF2672}"
EndProject
Global
	GlobalSection(SolutionConfigurationPlatforms) = preSolution
		Debug|Any CPU = Debug|Any CPU
		Release|Any CPU = Release|Any CPU
	EndGlobalSection
	GlobalSection(ProjectConfigurationPlatforms) = postSolution
		{55E0E697-DD2B-48D1-8DD5-945A383BA8F9}.Debug|Any CPU.ActiveCfg = Debug|Any CPU
		{55E0E697-DD2B-48D1-8DD5-945A383BA8F9}.Debug|Any CPU.Build.0 = Debug|Any CPU
		{55E0E697-DD2B-48D1-8DD5-945A383BA8F9}.Release|Any CPU.ActiveCfg = Release|Any CPU
		{55E0E697-DD2B-48D1-8DD5-945A383BA8F9}.Release|Any CPU.Build.0 = Release|Any CPU
		{BC6796A2-2672-4483-8C39-356973BF2672}.Debug|Any CPU.ActiveCfg = Debug|Any CPU
		{BC6796A2-2672-4483-8C39-356973BF2672}.Debug|Any CPU.Build.0 = Debug|Any CPU
		{BC6796A2-2672-4483-8C39-356973BF2672}.Release|Any CPU.ActiveCfg = Release|Any CPU
		{BC6796A2-2672-4483-8C39-356973BF2672}.Release|Any CPU.Build.0 = Release|Any CPU
	EndGlobalSection
	GlobalSection(SolutionProperties) = preSolution
		HideSolutionNode = FALSE
	EndGlobalSection
EndGlobal
