
Microsoft Visual Studio Solution File, Format Version 10.00
# Visual C# Express 2008
Project("{FAE04EC0-301F-11D3-BF4B-00C04F79EFBC}") = "BlowfishNET", "BlowfishNET\BlowfishNET.csproj", "{923C8E4C-2C42-44A8-AE69-31761500D4F1}"
EndProject
Project("{FAE04EC0-301F-11D3-BF4B-00C04F79EFBC}") = "BlowfishDemo", "BlowfishDemo\BlowfishDemo.csproj", "{63923ABB-DF50-45E6-9CF7-D7EE3C760247}"
EndProject
Project("{FAE04EC0-301F-11D3-BF4B-00C04F79EFBC}") = "BlowfishTests", "BlowfishTests\BlowfishTests.csproj", "{C57E7A00-F61E-4E93-915A-A8244DDDFC4A}"
EndProject
Global
	GlobalSection(SolutionConfigurationPlatforms) = preSolution
		Debug|Any CPU = Debug|Any CPU
		Release|Any CPU = Release|Any CPU
	EndGlobalSection
	GlobalSection(ProjectConfigurationPlatforms) = postSolution
		{923C8E4C-2C42-44A8-AE69-31761500D4F1}.Debug|Any CPU.ActiveCfg = Debug|Any CPU
		{923C8E4C-2C42-44A8-AE69-31761500D4F1}.Debug|Any CPU.Build.0 = Debug|Any CPU
		{923C8E4C-2C42-44A8-AE69-31761500D4F1}.Release|Any CPU.ActiveCfg = Release|Any CPU
		{923C8E4C-2C42-44A8-AE69-31761500D4F1}.Release|Any CPU.Build.0 = Release|Any CPU
		{63923ABB-DF50-45E6-9CF7-D7EE3C760247}.Debug|Any CPU.ActiveCfg = Debug|Any CPU
		{63923ABB-DF50-45E6-9CF7-D7EE3C760247}.Debug|Any CPU.Build.0 = Debug|Any CPU
		{63923ABB-DF50-45E6-9CF7-D7EE3C760247}.Release|Any CPU.ActiveCfg = Release|Any CPU
		{63923ABB-DF50-45E6-9CF7-D7EE3C760247}.Release|Any CPU.Build.0 = Release|Any CPU
		{C57E7A00-F61E-4E93-915A-A8244DDDFC4A}.Debug|Any CPU.ActiveCfg = Debug|Any CPU
		{C57E7A00-F61E-4E93-915A-A8244DDDFC4A}.Debug|Any CPU.Build.0 = Debug|Any CPU
		{C57E7A00-F61E-4E93-915A-A8244DDDFC4A}.Release|Any CPU.ActiveCfg = Release|Any CPU
		{C57E7A00-F61E-4E93-915A-A8244DDDFC4A}.Release|Any CPU.Build.0 = Release|Any CPU
	EndGlobalSection
	GlobalSection(SolutionProperties) = preSolution
		HideSolutionNode = FALSE
	EndGlobalSection
EndGlobal
