
Microsoft Visual Studio Solution File, Format Version 12.00
# Visual Studio 2012
Project("{FAE04EC0-301F-11D3-BF4B-00C04F79EFBC}") = "AlienRFID", "Alien\AlienRFID\AlienRFID.csproj", "{596C0806-9E9E-41C2-BC62-09ED446D2612}"
EndProject
Project("{FAE04EC0-301F-11D3-BF4B-00C04F79EFBC}") = "AlienMessageProcessor", "Alien\AlienMessageProcessor\AlienMessageProcessor.csproj", "{15F27552-6D5F-452D-A927-686E7BF0B19D}"
EndProject
Project("{FAE04EC0-301F-11D3-BF4B-00C04F79EFBC}") = "DBValidation", "Alien\DBValidation\DBValidation.csproj", "{28850123-6B57-4AB0-846E-642B4A810A56}"
EndProject
Project("{2150E333-8FDC-42A3-9474-1A3956D46DE8}") = "Alien", "Alien", "{E5EB28A0-96FA-42C1-A8DC-8C2E9E97CCBC}"
EndProject
Project("{FAE04EC0-301F-11D3-BF4B-00C04F79EFBC}") = "BaseDevice", "BaseDevice\BaseDevice.csproj", "{9768CE9C-343E-4EC1-B6DF-F5B86A721C8D}"
EndProject
Project("{FAE04EC0-301F-11D3-BF4B-00C04F79EFBC}") = "Identec", "Identec\Identec\Identec.csproj", "{F8D9EA33-2DE4-4280-879B-8F891ADDB3E1}"
EndProject
Project("{FAE04EC0-301F-11D3-BF4B-00C04F79EFBC}") = "Sprint", "Sprint\Sprint\Sprint.csproj", "{660ED5B1-16D7-4F3D-A1F0-058F04F40950}"
EndProject
Project("{FAE04EC0-301F-11D3-BF4B-00C04F79EFBC}") = "POSSimulator", "InSync\POSSimulator\POSSimulator.csproj", "{9B49D32E-4AA2-4BB3-9B3F-214D83D174DD}"
EndProject
Project("{2150E333-8FDC-42A3-9474-1A3956D46DE8}") = "InSync", "InSync", "{40A2BBAD-574E-4ACA-8D6F-73DDCA96C6D0}"
EndProject
Project("{FAE04EC0-301F-11D3-BF4B-00C04F79EFBC}") = "BevMetConsumer", "..\..\..\..\BevMetrics\trunk\Code\Banquet System\HostServiceSim\BevMetConsumer\BevMetConsumer.csproj", "{6EA12E44-1036-4F26-A499-2175C7E250C4}"
EndProject
Project("{FAE04EC0-301F-11D3-BF4B-00C04F79EFBC}") = "ClientSim", "..\..\..\..\BevMetrics\trunk\Code\Banquet System\ClientSim\ClientSim.csproj", "{BE52E04E-84FF-4165-907D-94ED93E5A77D}"
EndProject
Project("{FAE04EC0-301F-11D3-BF4B-00C04F79EFBC}") = "ClientWCFService", "..\..\..\..\BevMetrics\trunk\Code\Banquet System\ClientWCFService\ClientWCFService.csproj", "{149E770E-1EED-4CC1-A4D8-C281DB5990B7}"
EndProject
Project("{2150E333-8FDC-42A3-9474-1A3956D46DE8}") = "POSDriver", "POSDriver", "{0FF5F42E-5672-4EB5-8688-6A0ACDAEABAF}"
EndProject
Project("{FAE04EC0-301F-11D3-BF4B-00C04F79EFBC}") = "BasePOSDriver", "POSDriver\BasePOSDriver\BasePOSDriver.csproj", "{CD03F41A-9833-40EC-8A33-E180E3409907}"
EndProject
Project("{FAE04EC0-301F-11D3-BF4B-00C04F79EFBC}") = "POSClientInterface", "POSDriver\POSClientInterface\POSClientInterface.csproj", "{99C4980A-A7A0-4DFA-9FF0-2CB04906C689}"
EndProject
Project("{2150E333-8FDC-42A3-9474-1A3956D46DE8}") = "PureRF", "PureRF", "{8F4A89E7-B639-4525-86C4-D0735FDDA3C7}"
EndProject
Project("{FAE04EC0-301F-11D3-BF4B-00C04F79EFBC}") = "PureRFID", "PureRF\PureRFID\PureRFID.csproj", "{EE6A81F6-7A02-48C7-A89E-EDCA056BD487}"
EndProject
Project("{2150E333-8FDC-42A3-9474-1A3956D46DE8}") = "Jaxis", "Jaxis", "{74B1E02B-4D61-43E0-A75B-258C941559C5}"
EndProject
Project("{FAE04EC0-301F-11D3-BF4B-00C04F79EFBC}") = "GenericFilters", "Jaxis\ReadTimeFilter\GenericFilters.csproj", "{2A0E66EF-61AB-45D1-A4FB-355DDC20A076}"
EndProject
Project("{FAE04EC0-301F-11D3-BF4B-00C04F79EFBC}") = "TagMoveDevice", "Jaxis\TagMoveFilter\TagMoveDevice.csproj", "{FBBD5299-727A-4C13-A788-4F139F706C5E}"
EndProject
Project("{FAE04EC0-301F-11D3-BF4B-00C04F79EFBC}") = "TestProdDev", "Jaxis\TestProdDev\TestProdDev.csproj", "{EFA153BF-D5AA-44DB-805B-00E41629B124}"
EndProject
Project("{FAE04EC0-301F-11D3-BF4B-00C04F79EFBC}") = "MessageLibrary", "..\Messages\MessageLibrary\MessageLibrary.csproj", "{CF1F61FD-C28D-4B31-A3D8-FA07E8AC1175}"
EndProject
Project("{FAE04EC0-301F-11D3-BF4B-00C04F79EFBC}") = "JaxisInterfaces", "..\JaxisInterfaces\JaxisInterfaces.csproj", "{77AB9947-1F31-4BF2-86ED-24D20ED9A5DB}"
EndProject
Project("{2150E333-8FDC-42A3-9474-1A3956D46DE8}") = "Utils", "Utils", "{9ACB3157-5ABC-4DCC-8D40-C1706782120E}"
EndProject
Project("{FAE04EC0-301F-11D3-BF4B-00C04F79EFBC}") = "JaxisExtensions", "..\..\JaxisExtensions\JaxisExtensions.csproj", "{0A31F19C-1B83-46D3-BAD3-77052D4F0977}"
EndProject
Project("{FAE04EC0-301F-11D3-BF4B-00C04F79EFBC}") = "JaxisMath", "..\..\Utils\JaxisMath\JaxisMath.csproj", "{EE15498B-A346-4BB8-B0BA-AB140111D824}"
EndProject
Project("{FAE04EC0-301F-11D3-BF4B-00C04F79EFBC}") = "Jaxis.Utility.Encryption", "..\..\Utils\Jaxis.Utility.Encryption\Jaxis.Utility.Encryption.csproj", "{11CDC9C0-D824-42D1-91B0-EB8C39E90C7C}"
EndProject
Project("{2150E333-8FDC-42A3-9474-1A3956D46DE8}") = "BeverageManagement", "BeverageManagement", "{BE154EE8-F8E7-4A77-BE95-E85B3CCE0DF5}"
EndProject
Project("{FAE04EC0-301F-11D3-BF4B-00C04F79EFBC}") = "BeverageManagementPlugin", "Jaxis\BeverageManagementPlugin\BeverageManagementPlugin.csproj", "{43BF589B-6F4C-4336-88A9-FDC9194485A0}"
EndProject
Project("{FAE04EC0-301F-11D3-BF4B-00C04F79EFBC}") = "DataAccess", "C:\Source\BevMetEnt\BeverageMonitor\trunk\BeverageManagement\DataAccess\DataAccess.csproj", "{F01FDD3B-FA5D-4629-9CDF-74D02F58109B}"
EndProject
Project("{FAE04EC0-301F-11D3-BF4B-00C04F79EFBC}") = "IDataAccess", "C:\Source\BevMetEnt\BeverageMonitor\trunk\BeverageManagement\IDataAccess\IDataAccess.csproj", "{A9552B6C-5BFA-4D23-B813-9FBB548610FF}"
EndProject
Project("{FAE04EC0-301F-11D3-BF4B-00C04F79EFBC}") = "PourCollector", "Jaxis\PourCollector\PourCollector.csproj", "{19708F9D-F6A9-4EF3-8F2F-0508D7E90506}"
EndProject
Project("{2150E333-8FDC-42A3-9474-1A3956D46DE8}") = "Sprint Drivers", "Sprint Drivers", "{BBC39403-5124-4783-8EDF-5AB14CE9D8F8}"
EndProject
Project("{FAE04EC0-301F-11D3-BF4B-00C04F79EFBC}") = "TrishEmulator", "Sprint\TrishEmulator\TrishEmulator.csproj", "{C748EFA6-D63F-48D8-992C-7026B4E8A8A3}"
EndProject
Project("{FAE04EC0-301F-11D3-BF4B-00C04F79EFBC}") = "BeverageManagementAPI", "Jaxis\BeverageManagementPlugin\BeverageManagementAPI\BeverageManagementAPI.csproj", "{816FA676-1AC8-4970-ACBD-0EDAC5DA5D17}"
EndProject
Project("{FAE04EC0-301F-11D3-BF4B-00C04F79EFBC}") = "TrishReader", "Sprint\TrishReader\TrishReader.csproj", "{15F8983B-FBD7-43B1-B4B8-1641B352608B}"
EndProject
Project("{FAE04EC0-301F-11D3-BF4B-00C04F79EFBC}") = "IdentecPour", "Identec\IdentecPour\IdentecPour.csproj", "{540DAF2A-9A8F-43B9-9D1E-714777B5B15C}"
EndProject
Project("{2150E333-8FDC-42A3-9474-1A3956D46DE8}") = "Ident", "Ident", "{81FEF536-FF36-4DFA-BD1F-72B7AF3C75DE}"
EndProject
Project("{FAE04EC0-301F-11D3-BF4B-00C04F79EFBC}") = "IdentecAuto", "Identec\IdentecAuto\IdentecAuto.csproj", "{8E6D7943-28E5-4552-BCBE-A9713ABE54F3}"
EndProject
Project("{FAE04EC0-301F-11D3-BF4B-00C04F79EFBC}") = "IDENTEC.desktop.NET", "Identec\source\IDENTEC.desktop.NET.csproj", "{2B4F530A-C351-450F-ABC5-2EABCA2399C2}"
EndProject
Project("{FAE04EC0-301F-11D3-BF4B-00C04F79EFBC}") = "Reconcile", "Jaxis\BeverageManagementPlugin\Reconcile\Reconcile.csproj", "{B53963C8-976C-43E0-BA73-BB996C925632}"
EndProject
Global
	GlobalSection(SolutionConfigurationPlatforms) = preSolution
		Debug|Any CPU = Debug|Any CPU
		Debug|Mixed Platforms = Debug|Mixed Platforms
		Debug|x86 = Debug|x86
		Release|Any CPU = Release|Any CPU
		Release|Mixed Platforms = Release|Mixed Platforms
		Release|x86 = Release|x86
	EndGlobalSection
	GlobalSection(ProjectConfigurationPlatforms) = postSolution
		{596C0806-9E9E-41C2-BC62-09ED446D2612}.Debug|Any CPU.ActiveCfg = Release|Any CPU
		{596C0806-9E9E-41C2-BC62-09ED446D2612}.Debug|Any CPU.Build.0 = Release|Any CPU
		{596C0806-9E9E-41C2-BC62-09ED446D2612}.Debug|Mixed Platforms.ActiveCfg = Release|Any CPU
		{596C0806-9E9E-41C2-BC62-09ED446D2612}.Debug|Mixed Platforms.Build.0 = Release|Any CPU
		{596C0806-9E9E-41C2-BC62-09ED446D2612}.Debug|x86.ActiveCfg = Debug|Any CPU
		{596C0806-9E9E-41C2-BC62-09ED446D2612}.Release|Any CPU.ActiveCfg = Release|Any CPU
		{596C0806-9E9E-41C2-BC62-09ED446D2612}.Release|Any CPU.Build.0 = Release|Any CPU
		{596C0806-9E9E-41C2-BC62-09ED446D2612}.Release|Mixed Platforms.ActiveCfg = Release|Any CPU
		{596C0806-9E9E-41C2-BC62-09ED446D2612}.Release|Mixed Platforms.Build.0 = Release|Any CPU
		{596C0806-9E9E-41C2-BC62-09ED446D2612}.Release|x86.ActiveCfg = Release|Any CPU
		{15F27552-6D5F-452D-A927-686E7BF0B19D}.Debug|Any CPU.ActiveCfg = Release|Any CPU
		{15F27552-6D5F-452D-A927-686E7BF0B19D}.Debug|Any CPU.Build.0 = Release|Any CPU
		{15F27552-6D5F-452D-A927-686E7BF0B19D}.Debug|Mixed Platforms.ActiveCfg = Release|Any CPU
		{15F27552-6D5F-452D-A927-686E7BF0B19D}.Debug|Mixed Platforms.Build.0 = Release|Any CPU
		{15F27552-6D5F-452D-A927-686E7BF0B19D}.Debug|x86.ActiveCfg = Debug|Any CPU
		{15F27552-6D5F-452D-A927-686E7BF0B19D}.Release|Any CPU.ActiveCfg = Release|Any CPU
		{15F27552-6D5F-452D-A927-686E7BF0B19D}.Release|Any CPU.Build.0 = Release|Any CPU
		{15F27552-6D5F-452D-A927-686E7BF0B19D}.Release|Mixed Platforms.ActiveCfg = Release|Any CPU
		{15F27552-6D5F-452D-A927-686E7BF0B19D}.Release|Mixed Platforms.Build.0 = Release|Any CPU
		{15F27552-6D5F-452D-A927-686E7BF0B19D}.Release|x86.ActiveCfg = Release|Any CPU
		{28850123-6B57-4AB0-846E-642B4A810A56}.Debug|Any CPU.ActiveCfg = Release|Any CPU
		{28850123-6B57-4AB0-846E-642B4A810A56}.Debug|Any CPU.Build.0 = Release|Any CPU
		{28850123-6B57-4AB0-846E-642B4A810A56}.Debug|Mixed Platforms.ActiveCfg = Release|Any CPU
		{28850123-6B57-4AB0-846E-642B4A810A56}.Debug|Mixed Platforms.Build.0 = Release|Any CPU
		{28850123-6B57-4AB0-846E-642B4A810A56}.Debug|x86.ActiveCfg = Debug|Any CPU
		{28850123-6B57-4AB0-846E-642B4A810A56}.Release|Any CPU.ActiveCfg = Release|Any CPU
		{28850123-6B57-4AB0-846E-642B4A810A56}.Release|Any CPU.Build.0 = Release|Any CPU
		{28850123-6B57-4AB0-846E-642B4A810A56}.Release|Mixed Platforms.ActiveCfg = Release|Any CPU
		{28850123-6B57-4AB0-846E-642B4A810A56}.Release|Mixed Platforms.Build.0 = Release|Any CPU
		{28850123-6B57-4AB0-846E-642B4A810A56}.Release|x86.ActiveCfg = Release|Any CPU
		{9768CE9C-343E-4EC1-B6DF-F5B86A721C8D}.Debug|Any CPU.ActiveCfg = Release|Any CPU
		{9768CE9C-343E-4EC1-B6DF-F5B86A721C8D}.Debug|Any CPU.Build.0 = Release|Any CPU
		{9768CE9C-343E-4EC1-B6DF-F5B86A721C8D}.Debug|Mixed Platforms.ActiveCfg = Release|Any CPU
		{9768CE9C-343E-4EC1-B6DF-F5B86A721C8D}.Debug|Mixed Platforms.Build.0 = Release|Any CPU
		{9768CE9C-343E-4EC1-B6DF-F5B86A721C8D}.Debug|x86.ActiveCfg = Debug|x86
		{9768CE9C-343E-4EC1-B6DF-F5B86A721C8D}.Debug|x86.Build.0 = Debug|x86
		{9768CE9C-343E-4EC1-B6DF-F5B86A721C8D}.Release|Any CPU.ActiveCfg = Release|Any CPU
		{9768CE9C-343E-4EC1-B6DF-F5B86A721C8D}.Release|Any CPU.Build.0 = Release|Any CPU
		{9768CE9C-343E-4EC1-B6DF-F5B86A721C8D}.Release|Mixed Platforms.ActiveCfg = Release|Any CPU
		{9768CE9C-343E-4EC1-B6DF-F5B86A721C8D}.Release|Mixed Platforms.Build.0 = Release|Any CPU
		{9768CE9C-343E-4EC1-B6DF-F5B86A721C8D}.Release|x86.ActiveCfg = Release|x86
		{9768CE9C-343E-4EC1-B6DF-F5B86A721C8D}.Release|x86.Build.0 = Release|x86
		{F8D9EA33-2DE4-4280-879B-8F891ADDB3E1}.Debug|Any CPU.ActiveCfg = Release|Any CPU
		{F8D9EA33-2DE4-4280-879B-8F891ADDB3E1}.Debug|Any CPU.Build.0 = Release|Any CPU
		{F8D9EA33-2DE4-4280-879B-8F891ADDB3E1}.Debug|Mixed Platforms.ActiveCfg = Release|Any CPU
		{F8D9EA33-2DE4-4280-879B-8F891ADDB3E1}.Debug|Mixed Platforms.Build.0 = Release|Any CPU
		{F8D9EA33-2DE4-4280-879B-8F891ADDB3E1}.Debug|x86.ActiveCfg = Debug|Any CPU
		{F8D9EA33-2DE4-4280-879B-8F891ADDB3E1}.Release|Any CPU.ActiveCfg = Release|Any CPU
		{F8D9EA33-2DE4-4280-879B-8F891ADDB3E1}.Release|Any CPU.Build.0 = Release|Any CPU
		{F8D9EA33-2DE4-4280-879B-8F891ADDB3E1}.Release|Mixed Platforms.ActiveCfg = Release|Any CPU
		{F8D9EA33-2DE4-4280-879B-8F891ADDB3E1}.Release|Mixed Platforms.Build.0 = Release|Any CPU
		{F8D9EA33-2DE4-4280-879B-8F891ADDB3E1}.Release|x86.ActiveCfg = Release|Any CPU
		{660ED5B1-16D7-4F3D-A1F0-058F04F40950}.Debug|Any CPU.ActiveCfg = Release|Any CPU
		{660ED5B1-16D7-4F3D-A1F0-058F04F40950}.Debug|Any CPU.Build.0 = Release|Any CPU
		{660ED5B1-16D7-4F3D-A1F0-058F04F40950}.Debug|Mixed Platforms.ActiveCfg = Release|Any CPU
		{660ED5B1-16D7-4F3D-A1F0-058F04F40950}.Debug|Mixed Platforms.Build.0 = Release|Any CPU
		{660ED5B1-16D7-4F3D-A1F0-058F04F40950}.Debug|x86.ActiveCfg = Debug|Any CPU
		{660ED5B1-16D7-4F3D-A1F0-058F04F40950}.Release|Any CPU.ActiveCfg = Release|Any CPU
		{660ED5B1-16D7-4F3D-A1F0-058F04F40950}.Release|Any CPU.Build.0 = Release|Any CPU
		{660ED5B1-16D7-4F3D-A1F0-058F04F40950}.Release|Mixed Platforms.ActiveCfg = Release|Any CPU
		{660ED5B1-16D7-4F3D-A1F0-058F04F40950}.Release|Mixed Platforms.Build.0 = Release|Any CPU
		{660ED5B1-16D7-4F3D-A1F0-058F04F40950}.Release|x86.ActiveCfg = Release|Any CPU
		{9B49D32E-4AA2-4BB3-9B3F-214D83D174DD}.Debug|Any CPU.ActiveCfg = Release|Any CPU
		{9B49D32E-4AA2-4BB3-9B3F-214D83D174DD}.Debug|Any CPU.Build.0 = Release|Any CPU
		{9B49D32E-4AA2-4BB3-9B3F-214D83D174DD}.Debug|Mixed Platforms.ActiveCfg = Release|Any CPU
		{9B49D32E-4AA2-4BB3-9B3F-214D83D174DD}.Debug|Mixed Platforms.Build.0 = Release|Any CPU
		{9B49D32E-4AA2-4BB3-9B3F-214D83D174DD}.Debug|x86.ActiveCfg = Debug|Any CPU
		{9B49D32E-4AA2-4BB3-9B3F-214D83D174DD}.Release|Any CPU.ActiveCfg = Release|Any CPU
		{9B49D32E-4AA2-4BB3-9B3F-214D83D174DD}.Release|Any CPU.Build.0 = Release|Any CPU
		{9B49D32E-4AA2-4BB3-9B3F-214D83D174DD}.Release|Mixed Platforms.ActiveCfg = Release|Any CPU
		{9B49D32E-4AA2-4BB3-9B3F-214D83D174DD}.Release|Mixed Platforms.Build.0 = Release|Any CPU
		{9B49D32E-4AA2-4BB3-9B3F-214D83D174DD}.Release|x86.ActiveCfg = Release|Any CPU
		{6EA12E44-1036-4F26-A499-2175C7E250C4}.Debug|Any CPU.ActiveCfg = Release|Any CPU
		{6EA12E44-1036-4F26-A499-2175C7E250C4}.Debug|Any CPU.Build.0 = Release|Any CPU
		{6EA12E44-1036-4F26-A499-2175C7E250C4}.Debug|Mixed Platforms.ActiveCfg = Release|Any CPU
		{6EA12E44-1036-4F26-A499-2175C7E250C4}.Debug|Mixed Platforms.Build.0 = Release|Any CPU
		{6EA12E44-1036-4F26-A499-2175C7E250C4}.Debug|x86.ActiveCfg = Debug|Any CPU
		{6EA12E44-1036-4F26-A499-2175C7E250C4}.Release|Any CPU.ActiveCfg = Release|Any CPU
		{6EA12E44-1036-4F26-A499-2175C7E250C4}.Release|Any CPU.Build.0 = Release|Any CPU
		{6EA12E44-1036-4F26-A499-2175C7E250C4}.Release|Mixed Platforms.ActiveCfg = Release|Any CPU
		{6EA12E44-1036-4F26-A499-2175C7E250C4}.Release|Mixed Platforms.Build.0 = Release|Any CPU
		{6EA12E44-1036-4F26-A499-2175C7E250C4}.Release|x86.ActiveCfg = Release|Any CPU
		{BE52E04E-84FF-4165-907D-94ED93E5A77D}.Debug|Any CPU.ActiveCfg = Release|Any CPU
		{BE52E04E-84FF-4165-907D-94ED93E5A77D}.Debug|Any CPU.Build.0 = Release|Any CPU
		{BE52E04E-84FF-4165-907D-94ED93E5A77D}.Debug|Mixed Platforms.ActiveCfg = Release|Any CPU
		{BE52E04E-84FF-4165-907D-94ED93E5A77D}.Debug|Mixed Platforms.Build.0 = Release|Any CPU
		{BE52E04E-84FF-4165-907D-94ED93E5A77D}.Debug|x86.ActiveCfg = Debug|x86
		{BE52E04E-84FF-4165-907D-94ED93E5A77D}.Debug|x86.Build.0 = Debug|x86
		{BE52E04E-84FF-4165-907D-94ED93E5A77D}.Release|Any CPU.ActiveCfg = Release|Any CPU
		{BE52E04E-84FF-4165-907D-94ED93E5A77D}.Release|Any CPU.Build.0 = Release|Any CPU
		{BE52E04E-84FF-4165-907D-94ED93E5A77D}.Release|Mixed Platforms.ActiveCfg = Release|Any CPU
		{BE52E04E-84FF-4165-907D-94ED93E5A77D}.Release|Mixed Platforms.Build.0 = Release|Any CPU
		{BE52E04E-84FF-4165-907D-94ED93E5A77D}.Release|x86.ActiveCfg = Release|x86
		{BE52E04E-84FF-4165-907D-94ED93E5A77D}.Release|x86.Build.0 = Release|x86
		{149E770E-1EED-4CC1-A4D8-C281DB5990B7}.Debug|Any CPU.ActiveCfg = Release|Any CPU
		{149E770E-1EED-4CC1-A4D8-C281DB5990B7}.Debug|Any CPU.Build.0 = Release|Any CPU
		{149E770E-1EED-4CC1-A4D8-C281DB5990B7}.Debug|Mixed Platforms.ActiveCfg = Release|Any CPU
		{149E770E-1EED-4CC1-A4D8-C281DB5990B7}.Debug|Mixed Platforms.Build.0 = Release|Any CPU
		{149E770E-1EED-4CC1-A4D8-C281DB5990B7}.Debug|x86.ActiveCfg = Debug|Any CPU
		{149E770E-1EED-4CC1-A4D8-C281DB5990B7}.Release|Any CPU.ActiveCfg = Release|Any CPU
		{149E770E-1EED-4CC1-A4D8-C281DB5990B7}.Release|Any CPU.Build.0 = Release|Any CPU
		{149E770E-1EED-4CC1-A4D8-C281DB5990B7}.Release|Mixed Platforms.ActiveCfg = Release|Any CPU
		{149E770E-1EED-4CC1-A4D8-C281DB5990B7}.Release|Mixed Platforms.Build.0 = Release|Any CPU
		{149E770E-1EED-4CC1-A4D8-C281DB5990B7}.Release|x86.ActiveCfg = Release|Any CPU
		{CD03F41A-9833-40EC-8A33-E180E3409907}.Debug|Any CPU.ActiveCfg = Release|Any CPU
		{CD03F41A-9833-40EC-8A33-E180E3409907}.Debug|Any CPU.Build.0 = Release|Any CPU
		{CD03F41A-9833-40EC-8A33-E180E3409907}.Debug|Mixed Platforms.ActiveCfg = Release|Any CPU
		{CD03F41A-9833-40EC-8A33-E180E3409907}.Debug|Mixed Platforms.Build.0 = Release|Any CPU
		{CD03F41A-9833-40EC-8A33-E180E3409907}.Debug|x86.ActiveCfg = Debug|Any CPU
		{CD03F41A-9833-40EC-8A33-E180E3409907}.Release|Any CPU.ActiveCfg = Release|Any CPU
		{CD03F41A-9833-40EC-8A33-E180E3409907}.Release|Any CPU.Build.0 = Release|Any CPU
		{CD03F41A-9833-40EC-8A33-E180E3409907}.Release|Mixed Platforms.ActiveCfg = Release|Any CPU
		{CD03F41A-9833-40EC-8A33-E180E3409907}.Release|Mixed Platforms.Build.0 = Release|Any CPU
		{CD03F41A-9833-40EC-8A33-E180E3409907}.Release|x86.ActiveCfg = Release|Any CPU
		{99C4980A-A7A0-4DFA-9FF0-2CB04906C689}.Debug|Any CPU.ActiveCfg = Release|Any CPU
		{99C4980A-A7A0-4DFA-9FF0-2CB04906C689}.Debug|Any CPU.Build.0 = Release|Any CPU
		{99C4980A-A7A0-4DFA-9FF0-2CB04906C689}.Debug|Mixed Platforms.ActiveCfg = Release|Any CPU
		{99C4980A-A7A0-4DFA-9FF0-2CB04906C689}.Debug|Mixed Platforms.Build.0 = Release|Any CPU
		{99C4980A-A7A0-4DFA-9FF0-2CB04906C689}.Debug|x86.ActiveCfg = Debug|Any CPU
		{99C4980A-A7A0-4DFA-9FF0-2CB04906C689}.Release|Any CPU.ActiveCfg = Release|Any CPU
		{99C4980A-A7A0-4DFA-9FF0-2CB04906C689}.Release|Any CPU.Build.0 = Release|Any CPU
		{99C4980A-A7A0-4DFA-9FF0-2CB04906C689}.Release|Mixed Platforms.ActiveCfg = Release|Any CPU
		{99C4980A-A7A0-4DFA-9FF0-2CB04906C689}.Release|Mixed Platforms.Build.0 = Release|Any CPU
		{99C4980A-A7A0-4DFA-9FF0-2CB04906C689}.Release|x86.ActiveCfg = Release|Any CPU
		{EE6A81F6-7A02-48C7-A89E-EDCA056BD487}.Debug|Any CPU.ActiveCfg = Release|Any CPU
		{EE6A81F6-7A02-48C7-A89E-EDCA056BD487}.Debug|Any CPU.Build.0 = Release|Any CPU
		{EE6A81F6-7A02-48C7-A89E-EDCA056BD487}.Debug|Mixed Platforms.ActiveCfg = Release|Any CPU
		{EE6A81F6-7A02-48C7-A89E-EDCA056BD487}.Debug|Mixed Platforms.Build.0 = Release|Any CPU
		{EE6A81F6-7A02-48C7-A89E-EDCA056BD487}.Debug|x86.ActiveCfg = Debug|Any CPU
		{EE6A81F6-7A02-48C7-A89E-EDCA056BD487}.Release|Any CPU.ActiveCfg = Release|Any CPU
		{EE6A81F6-7A02-48C7-A89E-EDCA056BD487}.Release|Any CPU.Build.0 = Release|Any CPU
		{EE6A81F6-7A02-48C7-A89E-EDCA056BD487}.Release|Mixed Platforms.ActiveCfg = Release|Any CPU
		{EE6A81F6-7A02-48C7-A89E-EDCA056BD487}.Release|Mixed Platforms.Build.0 = Release|Any CPU
		{EE6A81F6-7A02-48C7-A89E-EDCA056BD487}.Release|x86.ActiveCfg = Release|Any CPU
		{2A0E66EF-61AB-45D1-A4FB-355DDC20A076}.Debug|Any CPU.ActiveCfg = Release|Any CPU
		{2A0E66EF-61AB-45D1-A4FB-355DDC20A076}.Debug|Any CPU.Build.0 = Release|Any CPU
		{2A0E66EF-61AB-45D1-A4FB-355DDC20A076}.Debug|Mixed Platforms.ActiveCfg = Release|Any CPU
		{2A0E66EF-61AB-45D1-A4FB-355DDC20A076}.Debug|Mixed Platforms.Build.0 = Release|Any CPU
		{2A0E66EF-61AB-45D1-A4FB-355DDC20A076}.Debug|x86.ActiveCfg = Debug|Any CPU
		{2A0E66EF-61AB-45D1-A4FB-355DDC20A076}.Release|Any CPU.ActiveCfg = Release|Any CPU
		{2A0E66EF-61AB-45D1-A4FB-355DDC20A076}.Release|Any CPU.Build.0 = Release|Any CPU
		{2A0E66EF-61AB-45D1-A4FB-355DDC20A076}.Release|Mixed Platforms.ActiveCfg = Release|Any CPU
		{2A0E66EF-61AB-45D1-A4FB-355DDC20A076}.Release|Mixed Platforms.Build.0 = Release|Any CPU
		{2A0E66EF-61AB-45D1-A4FB-355DDC20A076}.Release|x86.ActiveCfg = Release|Any CPU
		{FBBD5299-727A-4C13-A788-4F139F706C5E}.Debug|Any CPU.ActiveCfg = Release|Any CPU
		{FBBD5299-727A-4C13-A788-4F139F706C5E}.Debug|Any CPU.Build.0 = Release|Any CPU
		{FBBD5299-727A-4C13-A788-4F139F706C5E}.Debug|Mixed Platforms.ActiveCfg = Release|Any CPU
		{FBBD5299-727A-4C13-A788-4F139F706C5E}.Debug|Mixed Platforms.Build.0 = Release|Any CPU
		{FBBD5299-727A-4C13-A788-4F139F706C5E}.Debug|x86.ActiveCfg = Debug|Any CPU
		{FBBD5299-727A-4C13-A788-4F139F706C5E}.Release|Any CPU.ActiveCfg = Release|Any CPU
		{FBBD5299-727A-4C13-A788-4F139F706C5E}.Release|Any CPU.Build.0 = Release|Any CPU
		{FBBD5299-727A-4C13-A788-4F139F706C5E}.Release|Mixed Platforms.ActiveCfg = Release|Any CPU
		{FBBD5299-727A-4C13-A788-4F139F706C5E}.Release|Mixed Platforms.Build.0 = Release|Any CPU
		{FBBD5299-727A-4C13-A788-4F139F706C5E}.Release|x86.ActiveCfg = Release|Any CPU
		{EFA153BF-D5AA-44DB-805B-00E41629B124}.Debug|Any CPU.ActiveCfg = Release|Any CPU
		{EFA153BF-D5AA-44DB-805B-00E41629B124}.Debug|Any CPU.Build.0 = Release|Any CPU
		{EFA153BF-D5AA-44DB-805B-00E41629B124}.Debug|Mixed Platforms.ActiveCfg = Release|Any CPU
		{EFA153BF-D5AA-44DB-805B-00E41629B124}.Debug|Mixed Platforms.Build.0 = Release|Any CPU
		{EFA153BF-D5AA-44DB-805B-00E41629B124}.Debug|x86.ActiveCfg = Debug|x86
		{EFA153BF-D5AA-44DB-805B-00E41629B124}.Debug|x86.Build.0 = Debug|x86
		{EFA153BF-D5AA-44DB-805B-00E41629B124}.Release|Any CPU.ActiveCfg = Release|Any CPU
		{EFA153BF-D5AA-44DB-805B-00E41629B124}.Release|Any CPU.Build.0 = Release|Any CPU
		{EFA153BF-D5AA-44DB-805B-00E41629B124}.Release|Mixed Platforms.ActiveCfg = Release|Any CPU
		{EFA153BF-D5AA-44DB-805B-00E41629B124}.Release|Mixed Platforms.Build.0 = Release|Any CPU
		{EFA153BF-D5AA-44DB-805B-00E41629B124}.Release|x86.ActiveCfg = Release|x86
		{EFA153BF-D5AA-44DB-805B-00E41629B124}.Release|x86.Build.0 = Release|x86
		{CF1F61FD-C28D-4B31-A3D8-FA07E8AC1175}.Debug|Any CPU.ActiveCfg = Debug|Any CPU
		{CF1F61FD-C28D-4B31-A3D8-FA07E8AC1175}.Debug|Any CPU.Build.0 = Debug|Any CPU
		{CF1F61FD-C28D-4B31-A3D8-FA07E8AC1175}.Debug|Mixed Platforms.ActiveCfg = Debug|Any CPU
		{CF1F61FD-C28D-4B31-A3D8-FA07E8AC1175}.Debug|Mixed Platforms.Build.0 = Debug|Any CPU
		{CF1F61FD-C28D-4B31-A3D8-FA07E8AC1175}.Debug|x86.ActiveCfg = Debug|Any CPU
		{CF1F61FD-C28D-4B31-A3D8-FA07E8AC1175}.Release|Any CPU.ActiveCfg = Release|Any CPU
		{CF1F61FD-C28D-4B31-A3D8-FA07E8AC1175}.Release|Any CPU.Build.0 = Release|Any CPU
		{CF1F61FD-C28D-4B31-A3D8-FA07E8AC1175}.Release|Mixed Platforms.ActiveCfg = Release|Any CPU
		{CF1F61FD-C28D-4B31-A3D8-FA07E8AC1175}.Release|Mixed Platforms.Build.0 = Release|Any CPU
		{CF1F61FD-C28D-4B31-A3D8-FA07E8AC1175}.Release|x86.ActiveCfg = Release|Any CPU
		{77AB9947-1F31-4BF2-86ED-24D20ED9A5DB}.Debug|Any CPU.ActiveCfg = Debug|Any CPU
		{77AB9947-1F31-4BF2-86ED-24D20ED9A5DB}.Debug|Any CPU.Build.0 = Debug|Any CPU
		{77AB9947-1F31-4BF2-86ED-24D20ED9A5DB}.Debug|Mixed Platforms.ActiveCfg = Debug|x86
		{77AB9947-1F31-4BF2-86ED-24D20ED9A5DB}.Debug|Mixed Platforms.Build.0 = Debug|x86
		{77AB9947-1F31-4BF2-86ED-24D20ED9A5DB}.Debug|x86.ActiveCfg = Debug|x86
		{77AB9947-1F31-4BF2-86ED-24D20ED9A5DB}.Debug|x86.Build.0 = Debug|x86
		{77AB9947-1F31-4BF2-86ED-24D20ED9A5DB}.Release|Any CPU.ActiveCfg = Release|Any CPU
		{77AB9947-1F31-4BF2-86ED-24D20ED9A5DB}.Release|Any CPU.Build.0 = Release|Any CPU
		{77AB9947-1F31-4BF2-86ED-24D20ED9A5DB}.Release|Mixed Platforms.ActiveCfg = Release|x86
		{77AB9947-1F31-4BF2-86ED-24D20ED9A5DB}.Release|Mixed Platforms.Build.0 = Release|x86
		{77AB9947-1F31-4BF2-86ED-24D20ED9A5DB}.Release|x86.ActiveCfg = Release|x86
		{77AB9947-1F31-4BF2-86ED-24D20ED9A5DB}.Release|x86.Build.0 = Release|x86
		{0A31F19C-1B83-46D3-BAD3-77052D4F0977}.Debug|Any CPU.ActiveCfg = Debug|Any CPU
		{0A31F19C-1B83-46D3-BAD3-77052D4F0977}.Debug|Any CPU.Build.0 = Debug|Any CPU
		{0A31F19C-1B83-46D3-BAD3-77052D4F0977}.Debug|Mixed Platforms.ActiveCfg = Debug|Any CPU
		{0A31F19C-1B83-46D3-BAD3-77052D4F0977}.Debug|Mixed Platforms.Build.0 = Debug|Any CPU
		{0A31F19C-1B83-46D3-BAD3-77052D4F0977}.Debug|x86.ActiveCfg = Debug|Any CPU
		{0A31F19C-1B83-46D3-BAD3-77052D4F0977}.Release|Any CPU.ActiveCfg = Release|Any CPU
		{0A31F19C-1B83-46D3-BAD3-77052D4F0977}.Release|Any CPU.Build.0 = Release|Any CPU
		{0A31F19C-1B83-46D3-BAD3-77052D4F0977}.Release|Mixed Platforms.ActiveCfg = Release|Any CPU
		{0A31F19C-1B83-46D3-BAD3-77052D4F0977}.Release|Mixed Platforms.Build.0 = Release|Any CPU
		{0A31F19C-1B83-46D3-BAD3-77052D4F0977}.Release|x86.ActiveCfg = Release|Any CPU
		{EE15498B-A346-4BB8-B0BA-AB140111D824}.Debug|Any CPU.ActiveCfg = Debug|Any CPU
		{EE15498B-A346-4BB8-B0BA-AB140111D824}.Debug|Any CPU.Build.0 = Debug|Any CPU
		{EE15498B-A346-4BB8-B0BA-AB140111D824}.Debug|Mixed Platforms.ActiveCfg = Debug|Any CPU
		{EE15498B-A346-4BB8-B0BA-AB140111D824}.Debug|Mixed Platforms.Build.0 = Debug|Any CPU
		{EE15498B-A346-4BB8-B0BA-AB140111D824}.Debug|x86.ActiveCfg = Debug|Any CPU
		{EE15498B-A346-4BB8-B0BA-AB140111D824}.Release|Any CPU.ActiveCfg = Release|Any CPU
		{EE15498B-A346-4BB8-B0BA-AB140111D824}.Release|Any CPU.Build.0 = Release|Any CPU
		{EE15498B-A346-4BB8-B0BA-AB140111D824}.Release|Mixed Platforms.ActiveCfg = Release|Any CPU
		{EE15498B-A346-4BB8-B0BA-AB140111D824}.Release|Mixed Platforms.Build.0 = Release|Any CPU
		{EE15498B-A346-4BB8-B0BA-AB140111D824}.Release|x86.ActiveCfg = Release|Any CPU
		{11CDC9C0-D824-42D1-91B0-EB8C39E90C7C}.Debug|Any CPU.ActiveCfg = Debug|Any CPU
		{11CDC9C0-D824-42D1-91B0-EB8C39E90C7C}.Debug|Any CPU.Build.0 = Debug|Any CPU
		{11CDC9C0-D824-42D1-91B0-EB8C39E90C7C}.Debug|Mixed Platforms.ActiveCfg = Debug|Any CPU
		{11CDC9C0-D824-42D1-91B0-EB8C39E90C7C}.Debug|Mixed Platforms.Build.0 = Debug|Any CPU
		{11CDC9C0-D824-42D1-91B0-EB8C39E90C7C}.Debug|x86.ActiveCfg = Debug|Any CPU
		{11CDC9C0-D824-42D1-91B0-EB8C39E90C7C}.Release|Any CPU.ActiveCfg = Release|Any CPU
		{11CDC9C0-D824-42D1-91B0-EB8C39E90C7C}.Release|Any CPU.Build.0 = Release|Any CPU
		{11CDC9C0-D824-42D1-91B0-EB8C39E90C7C}.Release|Mixed Platforms.ActiveCfg = Release|Any CPU
		{11CDC9C0-D824-42D1-91B0-EB8C39E90C7C}.Release|Mixed Platforms.Build.0 = Release|Any CPU
		{11CDC9C0-D824-42D1-91B0-EB8C39E90C7C}.Release|x86.ActiveCfg = Release|Any CPU
		{43BF589B-6F4C-4336-88A9-FDC9194485A0}.Debug|Any CPU.ActiveCfg = Debug|Any CPU
		{43BF589B-6F4C-4336-88A9-FDC9194485A0}.Debug|Any CPU.Build.0 = Debug|Any CPU
		{43BF589B-6F4C-4336-88A9-FDC9194485A0}.Debug|Mixed Platforms.ActiveCfg = Debug|Any CPU
		{43BF589B-6F4C-4336-88A9-FDC9194485A0}.Debug|Mixed Platforms.Build.0 = Debug|Any CPU
		{43BF589B-6F4C-4336-88A9-FDC9194485A0}.Debug|x86.ActiveCfg = Debug|Any CPU
		{43BF589B-6F4C-4336-88A9-FDC9194485A0}.Release|Any CPU.ActiveCfg = Release|Any CPU
		{43BF589B-6F4C-4336-88A9-FDC9194485A0}.Release|Any CPU.Build.0 = Release|Any CPU
		{43BF589B-6F4C-4336-88A9-FDC9194485A0}.Release|Mixed Platforms.ActiveCfg = Release|Any CPU
		{43BF589B-6F4C-4336-88A9-FDC9194485A0}.Release|Mixed Platforms.Build.0 = Release|Any CPU
		{43BF589B-6F4C-4336-88A9-FDC9194485A0}.Release|x86.ActiveCfg = Release|Any CPU
		{F01FDD3B-FA5D-4629-9CDF-74D02F58109B}.Debug|Any CPU.ActiveCfg = Debug|Any CPU
		{F01FDD3B-FA5D-4629-9CDF-74D02F58109B}.Debug|Any CPU.Build.0 = Debug|Any CPU
		{F01FDD3B-FA5D-4629-9CDF-74D02F58109B}.Debug|Mixed Platforms.ActiveCfg = Debug|Any CPU
		{F01FDD3B-FA5D-4629-9CDF-74D02F58109B}.Debug|Mixed Platforms.Build.0 = Debug|Any CPU
		{F01FDD3B-FA5D-4629-9CDF-74D02F58109B}.Debug|x86.ActiveCfg = Debug|Any CPU
		{F01FDD3B-FA5D-4629-9CDF-74D02F58109B}.Release|Any CPU.ActiveCfg = Release|Any CPU
		{F01FDD3B-FA5D-4629-9CDF-74D02F58109B}.Release|Any CPU.Build.0 = Release|Any CPU
		{F01FDD3B-FA5D-4629-9CDF-74D02F58109B}.Release|Mixed Platforms.ActiveCfg = Release|Any CPU
		{F01FDD3B-FA5D-4629-9CDF-74D02F58109B}.Release|Mixed Platforms.Build.0 = Release|Any CPU
		{F01FDD3B-FA5D-4629-9CDF-74D02F58109B}.Release|x86.ActiveCfg = Release|Any CPU
		{A9552B6C-5BFA-4D23-B813-9FBB548610FF}.Debug|Any CPU.ActiveCfg = Debug|Any CPU
		{A9552B6C-5BFA-4D23-B813-9FBB548610FF}.Debug|Any CPU.Build.0 = Debug|Any CPU
		{A9552B6C-5BFA-4D23-B813-9FBB548610FF}.Debug|Mixed Platforms.ActiveCfg = Debug|Any CPU
		{A9552B6C-5BFA-4D23-B813-9FBB548610FF}.Debug|Mixed Platforms.Build.0 = Debug|Any CPU
		{A9552B6C-5BFA-4D23-B813-9FBB548610FF}.Debug|x86.ActiveCfg = Debug|Any CPU
		{A9552B6C-5BFA-4D23-B813-9FBB548610FF}.Release|Any CPU.ActiveCfg = Release|Any CPU
		{A9552B6C-5BFA-4D23-B813-9FBB548610FF}.Release|Any CPU.Build.0 = Release|Any CPU
		{A9552B6C-5BFA-4D23-B813-9FBB548610FF}.Release|Mixed Platforms.ActiveCfg = Release|Any CPU
		{A9552B6C-5BFA-4D23-B813-9FBB548610FF}.Release|Mixed Platforms.Build.0 = Release|Any CPU
		{A9552B6C-5BFA-4D23-B813-9FBB548610FF}.Release|x86.ActiveCfg = Release|Any CPU
		{19708F9D-F6A9-4EF3-8F2F-0508D7E90506}.Debug|Any CPU.ActiveCfg = Debug|x86
		{19708F9D-F6A9-4EF3-8F2F-0508D7E90506}.Debug|Mixed Platforms.ActiveCfg = Debug|x86
		{19708F9D-F6A9-4EF3-8F2F-0508D7E90506}.Debug|Mixed Platforms.Build.0 = Debug|x86
		{19708F9D-F6A9-4EF3-8F2F-0508D7E90506}.Debug|x86.ActiveCfg = Debug|x86
		{19708F9D-F6A9-4EF3-8F2F-0508D7E90506}.Debug|x86.Build.0 = Debug|x86
		{19708F9D-F6A9-4EF3-8F2F-0508D7E90506}.Release|Any CPU.ActiveCfg = Release|x86
		{19708F9D-F6A9-4EF3-8F2F-0508D7E90506}.Release|Mixed Platforms.ActiveCfg = Release|x86
		{19708F9D-F6A9-4EF3-8F2F-0508D7E90506}.Release|Mixed Platforms.Build.0 = Release|x86
		{19708F9D-F6A9-4EF3-8F2F-0508D7E90506}.Release|x86.ActiveCfg = Release|x86
		{19708F9D-F6A9-4EF3-8F2F-0508D7E90506}.Release|x86.Build.0 = Release|x86
		{C748EFA6-D63F-48D8-992C-7026B4E8A8A3}.Debug|Any CPU.ActiveCfg = Debug|Any CPU
		{C748EFA6-D63F-48D8-992C-7026B4E8A8A3}.Debug|Any CPU.Build.0 = Debug|Any CPU
		{C748EFA6-D63F-48D8-992C-7026B4E8A8A3}.Debug|Mixed Platforms.ActiveCfg = Debug|Any CPU
		{C748EFA6-D63F-48D8-992C-7026B4E8A8A3}.Debug|Mixed Platforms.Build.0 = Debug|Any CPU
		{C748EFA6-D63F-48D8-992C-7026B4E8A8A3}.Debug|x86.ActiveCfg = Debug|Any CPU
		{C748EFA6-D63F-48D8-992C-7026B4E8A8A3}.Release|Any CPU.ActiveCfg = Release|Any CPU
		{C748EFA6-D63F-48D8-992C-7026B4E8A8A3}.Release|Any CPU.Build.0 = Release|Any CPU
		{C748EFA6-D63F-48D8-992C-7026B4E8A8A3}.Release|Mixed Platforms.ActiveCfg = Release|Any CPU
		{C748EFA6-D63F-48D8-992C-7026B4E8A8A3}.Release|Mixed Platforms.Build.0 = Release|Any CPU
		{C748EFA6-D63F-48D8-992C-7026B4E8A8A3}.Release|x86.ActiveCfg = Release|Any CPU
		{816FA676-1AC8-4970-ACBD-0EDAC5DA5D17}.Debug|Any CPU.ActiveCfg = Debug|Any CPU
		{816FA676-1AC8-4970-ACBD-0EDAC5DA5D17}.Debug|Any CPU.Build.0 = Debug|Any CPU
		{816FA676-1AC8-4970-ACBD-0EDAC5DA5D17}.Debug|Mixed Platforms.ActiveCfg = Debug|Any CPU
		{816FA676-1AC8-4970-ACBD-0EDAC5DA5D17}.Debug|Mixed Platforms.Build.0 = Debug|Any CPU
		{816FA676-1AC8-4970-ACBD-0EDAC5DA5D17}.Debug|x86.ActiveCfg = Debug|Any CPU
		{816FA676-1AC8-4970-ACBD-0EDAC5DA5D17}.Release|Any CPU.ActiveCfg = Release|Any CPU
		{816FA676-1AC8-4970-ACBD-0EDAC5DA5D17}.Release|Any CPU.Build.0 = Release|Any CPU
		{816FA676-1AC8-4970-ACBD-0EDAC5DA5D17}.Release|Mixed Platforms.ActiveCfg = Release|Any CPU
		{816FA676-1AC8-4970-ACBD-0EDAC5DA5D17}.Release|Mixed Platforms.Build.0 = Release|Any CPU
		{816FA676-1AC8-4970-ACBD-0EDAC5DA5D17}.Release|x86.ActiveCfg = Release|Any CPU
		{15F8983B-FBD7-43B1-B4B8-1641B352608B}.Debug|Any CPU.ActiveCfg = Debug|Any CPU
		{15F8983B-FBD7-43B1-B4B8-1641B352608B}.Debug|Any CPU.Build.0 = Debug|Any CPU
		{15F8983B-FBD7-43B1-B4B8-1641B352608B}.Debug|Mixed Platforms.ActiveCfg = Debug|Any CPU
		{15F8983B-FBD7-43B1-B4B8-1641B352608B}.Debug|Mixed Platforms.Build.0 = Debug|Any CPU
		{15F8983B-FBD7-43B1-B4B8-1641B352608B}.Debug|x86.ActiveCfg = Debug|Any CPU
		{15F8983B-FBD7-43B1-B4B8-1641B352608B}.Release|Any CPU.ActiveCfg = Release|Any CPU
		{15F8983B-FBD7-43B1-B4B8-1641B352608B}.Release|Any CPU.Build.0 = Release|Any CPU
		{15F8983B-FBD7-43B1-B4B8-1641B352608B}.Release|Mixed Platforms.ActiveCfg = Release|Any CPU
		{15F8983B-FBD7-43B1-B4B8-1641B352608B}.Release|Mixed Platforms.Build.0 = Release|Any CPU
		{15F8983B-FBD7-43B1-B4B8-1641B352608B}.Release|x86.ActiveCfg = Release|Any CPU
		{540DAF2A-9A8F-43B9-9D1E-714777B5B15C}.Debug|Any CPU.ActiveCfg = Debug|Any CPU
		{540DAF2A-9A8F-43B9-9D1E-714777B5B15C}.Debug|Any CPU.Build.0 = Debug|Any CPU
		{540DAF2A-9A8F-43B9-9D1E-714777B5B15C}.Debug|Mixed Platforms.ActiveCfg = Debug|Any CPU
		{540DAF2A-9A8F-43B9-9D1E-714777B5B15C}.Debug|Mixed Platforms.Build.0 = Debug|Any CPU
		{540DAF2A-9A8F-43B9-9D1E-714777B5B15C}.Debug|x86.ActiveCfg = Debug|Any CPU
		{540DAF2A-9A8F-43B9-9D1E-714777B5B15C}.Release|Any CPU.ActiveCfg = Release|Any CPU
		{540DAF2A-9A8F-43B9-9D1E-714777B5B15C}.Release|Any CPU.Build.0 = Release|Any CPU
		{540DAF2A-9A8F-43B9-9D1E-714777B5B15C}.Release|Mixed Platforms.ActiveCfg = Release|Any CPU
		{540DAF2A-9A8F-43B9-9D1E-714777B5B15C}.Release|Mixed Platforms.Build.0 = Release|Any CPU
		{540DAF2A-9A8F-43B9-9D1E-714777B5B15C}.Release|x86.ActiveCfg = Release|Any CPU
		{8E6D7943-28E5-4552-BCBE-A9713ABE54F3}.Debug|Any CPU.ActiveCfg = Debug|Any CPU
		{8E6D7943-28E5-4552-BCBE-A9713ABE54F3}.Debug|Any CPU.Build.0 = Debug|Any CPU
		{8E6D7943-28E5-4552-BCBE-A9713ABE54F3}.Debug|Mixed Platforms.ActiveCfg = Debug|Any CPU
		{8E6D7943-28E5-4552-BCBE-A9713ABE54F3}.Debug|Mixed Platforms.Build.0 = Debug|Any CPU
		{8E6D7943-28E5-4552-BCBE-A9713ABE54F3}.Debug|x86.ActiveCfg = Debug|Any CPU
		{8E6D7943-28E5-4552-BCBE-A9713ABE54F3}.Release|Any CPU.ActiveCfg = Release|Any CPU
		{8E6D7943-28E5-4552-BCBE-A9713ABE54F3}.Release|Any CPU.Build.0 = Release|Any CPU
		{8E6D7943-28E5-4552-BCBE-A9713ABE54F3}.Release|Mixed Platforms.ActiveCfg = Release|Any CPU
		{8E6D7943-28E5-4552-BCBE-A9713ABE54F3}.Release|Mixed Platforms.Build.0 = Release|Any CPU
		{8E6D7943-28E5-4552-BCBE-A9713ABE54F3}.Release|x86.ActiveCfg = Release|Any CPU
		{2B4F530A-C351-450F-ABC5-2EABCA2399C2}.Debug|Any CPU.ActiveCfg = Debug|x86
		{2B4F530A-C351-450F-ABC5-2EABCA2399C2}.Debug|Mixed Platforms.ActiveCfg = Debug|x86
		{2B4F530A-C351-450F-ABC5-2EABCA2399C2}.Debug|Mixed Platforms.Build.0 = Debug|x86
		{2B4F530A-C351-450F-ABC5-2EABCA2399C2}.Debug|x86.ActiveCfg = Debug|x86
		{2B4F530A-C351-450F-ABC5-2EABCA2399C2}.Debug|x86.Build.0 = Debug|x86
		{2B4F530A-C351-450F-ABC5-2EABCA2399C2}.Release|Any CPU.ActiveCfg = Release|x86
		{2B4F530A-C351-450F-ABC5-2EABCA2399C2}.Release|Mixed Platforms.ActiveCfg = Release|x86
		{2B4F530A-C351-450F-ABC5-2EABCA2399C2}.Release|Mixed Platforms.Build.0 = Release|x86
		{2B4F530A-C351-450F-ABC5-2EABCA2399C2}.Release|x86.ActiveCfg = Release|x86
		{2B4F530A-C351-450F-ABC5-2EABCA2399C2}.Release|x86.Build.0 = Release|x86
		{B53963C8-976C-43E0-BA73-BB996C925632}.Debug|Any CPU.ActiveCfg = Debug|Any CPU
		{B53963C8-976C-43E0-BA73-BB996C925632}.Debug|Any CPU.Build.0 = Debug|Any CPU
		{B53963C8-976C-43E0-BA73-BB996C925632}.Debug|Mixed Platforms.ActiveCfg = Debug|Any CPU
		{B53963C8-976C-43E0-BA73-BB996C925632}.Debug|Mixed Platforms.Build.0 = Debug|Any CPU
		{B53963C8-976C-43E0-BA73-BB996C925632}.Debug|x86.ActiveCfg = Debug|Any CPU
		{B53963C8-976C-43E0-BA73-BB996C925632}.Release|Any CPU.ActiveCfg = Release|Any CPU
		{B53963C8-976C-43E0-BA73-BB996C925632}.Release|Any CPU.Build.0 = Release|Any CPU
		{B53963C8-976C-43E0-BA73-BB996C925632}.Release|Mixed Platforms.ActiveCfg = Release|Any CPU
		{B53963C8-976C-43E0-BA73-BB996C925632}.Release|Mixed Platforms.Build.0 = Release|Any CPU
		{B53963C8-976C-43E0-BA73-BB996C925632}.Release|x86.ActiveCfg = Release|Any CPU
	EndGlobalSection
	GlobalSection(SolutionProperties) = preSolution
		HideSolutionNode = FALSE
	EndGlobalSection
	GlobalSection(NestedProjects) = preSolution
		{15F27552-6D5F-452D-A927-686E7BF0B19D} = {E5EB28A0-96FA-42C1-A8DC-8C2E9E97CCBC}
		{28850123-6B57-4AB0-846E-642B4A810A56} = {E5EB28A0-96FA-42C1-A8DC-8C2E9E97CCBC}
		{596C0806-9E9E-41C2-BC62-09ED446D2612} = {E5EB28A0-96FA-42C1-A8DC-8C2E9E97CCBC}
		{540DAF2A-9A8F-43B9-9D1E-714777B5B15C} = {81FEF536-FF36-4DFA-BD1F-72B7AF3C75DE}
		{F8D9EA33-2DE4-4280-879B-8F891ADDB3E1} = {81FEF536-FF36-4DFA-BD1F-72B7AF3C75DE}
		{8E6D7943-28E5-4552-BCBE-A9713ABE54F3} = {81FEF536-FF36-4DFA-BD1F-72B7AF3C75DE}
		{2B4F530A-C351-450F-ABC5-2EABCA2399C2} = {81FEF536-FF36-4DFA-BD1F-72B7AF3C75DE}
		{660ED5B1-16D7-4F3D-A1F0-058F04F40950} = {BBC39403-5124-4783-8EDF-5AB14CE9D8F8}
		{C748EFA6-D63F-48D8-992C-7026B4E8A8A3} = {BBC39403-5124-4783-8EDF-5AB14CE9D8F8}
		{15F8983B-FBD7-43B1-B4B8-1641B352608B} = {BBC39403-5124-4783-8EDF-5AB14CE9D8F8}
		{9B49D32E-4AA2-4BB3-9B3F-214D83D174DD} = {40A2BBAD-574E-4ACA-8D6F-73DDCA96C6D0}
		{6EA12E44-1036-4F26-A499-2175C7E250C4} = {40A2BBAD-574E-4ACA-8D6F-73DDCA96C6D0}
		{BE52E04E-84FF-4165-907D-94ED93E5A77D} = {40A2BBAD-574E-4ACA-8D6F-73DDCA96C6D0}
		{149E770E-1EED-4CC1-A4D8-C281DB5990B7} = {40A2BBAD-574E-4ACA-8D6F-73DDCA96C6D0}
		{CD03F41A-9833-40EC-8A33-E180E3409907} = {0FF5F42E-5672-4EB5-8688-6A0ACDAEABAF}
		{99C4980A-A7A0-4DFA-9FF0-2CB04906C689} = {0FF5F42E-5672-4EB5-8688-6A0ACDAEABAF}
		{EE6A81F6-7A02-48C7-A89E-EDCA056BD487} = {8F4A89E7-B639-4525-86C4-D0735FDDA3C7}
		{2A0E66EF-61AB-45D1-A4FB-355DDC20A076} = {74B1E02B-4D61-43E0-A75B-258C941559C5}
		{FBBD5299-727A-4C13-A788-4F139F706C5E} = {74B1E02B-4D61-43E0-A75B-258C941559C5}
		{EFA153BF-D5AA-44DB-805B-00E41629B124} = {74B1E02B-4D61-43E0-A75B-258C941559C5}
		{BE154EE8-F8E7-4A77-BE95-E85B3CCE0DF5} = {74B1E02B-4D61-43E0-A75B-258C941559C5}
		{0A31F19C-1B83-46D3-BAD3-77052D4F0977} = {9ACB3157-5ABC-4DCC-8D40-C1706782120E}
		{EE15498B-A346-4BB8-B0BA-AB140111D824} = {9ACB3157-5ABC-4DCC-8D40-C1706782120E}
		{11CDC9C0-D824-42D1-91B0-EB8C39E90C7C} = {9ACB3157-5ABC-4DCC-8D40-C1706782120E}
		{43BF589B-6F4C-4336-88A9-FDC9194485A0} = {BE154EE8-F8E7-4A77-BE95-E85B3CCE0DF5}
		{F01FDD3B-FA5D-4629-9CDF-74D02F58109B} = {BE154EE8-F8E7-4A77-BE95-E85B3CCE0DF5}
		{A9552B6C-5BFA-4D23-B813-9FBB548610FF} = {BE154EE8-F8E7-4A77-BE95-E85B3CCE0DF5}
		{19708F9D-F6A9-4EF3-8F2F-0508D7E90506} = {BE154EE8-F8E7-4A77-BE95-E85B3CCE0DF5}
		{816FA676-1AC8-4970-ACBD-0EDAC5DA5D17} = {BE154EE8-F8E7-4A77-BE95-E85B3CCE0DF5}
		{B53963C8-976C-43E0-BA73-BB996C925632} = {BE154EE8-F8E7-4A77-BE95-E85B3CCE0DF5}
	EndGlobalSection
EndGlobal
