
Microsoft Visual Studio Solution File, Format Version 11.00
# Visual Studio 2010
Project("{FAE04EC0-301F-11D3-BF4B-00C04F79EFBC}") = "AccountValidator", "AccountValidator.csproj", "{DDAA1DA6-61D5-4EBB-8DDA-0319946593A6}"
EndProject
Project("{FAE04EC0-301F-11D3-BF4B-00C04F79EFBC}") = "JaxisEngine", "..\..\MessageEngine\JaxisEngine\JaxisEngine.csproj", "{703F742F-2F69-498B-9A29-693F9EF74F2D}"
EndProject
Project("{2150E333-8FDC-42A3-9474-1A3956D46DE8}") = "Engine", "Engine", "{15589605-3216-4EE1-87F2-BFCDBD2ED755}"
EndProject
Project("{FAE04EC0-301F-11D3-BF4B-00C04F79EFBC}") = "JaxisInterfaces", "..\..\MessageEngine\JaxisInterfaces\JaxisInterfaces.csproj", "{77AB9947-1F31-4BF2-86ED-24D20ED9A5DB}"
EndProject
Project("{2150E333-8FDC-42A3-9474-1A3956D46DE8}") = "Plugins", "Plugins", "{8637EC9E-446A-4D80-BB25-85217DDE1C2D}"
EndProject
Project("{2150E333-8FDC-42A3-9474-1A3956D46DE8}") = "Messages", "Messages", "{BD698FFA-9A8D-407C-A11A-4DE92F6E8171}"
EndProject
Project("{FAE04EC0-301F-11D3-BF4B-00C04F79EFBC}") = "AlienDataCreator", "..\Plugins\AlienDataCreator\AlienDataCreator.csproj", "{75E154A5-B060-4F68-8CA1-1E65907E13E4}"
EndProject
Project("{FAE04EC0-301F-11D3-BF4B-00C04F79EFBC}") = "BaseDevice", "..\..\MessageEngine\Plugins\BaseDevice\BaseDevice.csproj", "{9768CE9C-343E-4EC1-B6DF-F5B86A721C8D}"
EndProject
Project("{FAE04EC0-301F-11D3-BF4B-00C04F79EFBC}") = "AlienRFID", "..\..\MessageEngine\Plugins\Alien\AlienRFID\AlienRFID.csproj", "{596C0806-9E9E-41C2-BC62-09ED446D2612}"
EndProject
Project("{FAE04EC0-301F-11D3-BF4B-00C04F79EFBC}") = "AlienMessageProcessor", "..\..\MessageEngine\Plugins\Alien\AlienMessageProcessor\AlienMessageProcessor.csproj", "{15F27552-6D5F-452D-A927-686E7BF0B19D}"
EndProject
Project("{FAE04EC0-301F-11D3-BF4B-00C04F79EFBC}") = "DBValidation", "..\..\MessageEngine\Plugins\Alien\DBValidation\DBValidation.csproj", "{28850123-6B57-4AB0-846E-642B4A810A56}"
EndProject
Project("{FAE04EC0-301F-11D3-BF4B-00C04F79EFBC}") = "MessageLibrary", "..\..\MessageEngine\Messages\MessageLibrary\MessageLibrary.csproj", "{CF1F61FD-C28D-4B31-A3D8-FA07E8AC1175}"
EndProject
Global
	GlobalSection(SolutionConfigurationPlatforms) = preSolution
		Debug|Any CPU = Debug|Any CPU
		Debug|x86 = Debug|x86
		Release|Any CPU = Release|Any CPU
		Release|x86 = Release|x86
	EndGlobalSection
	GlobalSection(ProjectConfigurationPlatforms) = postSolution
		{DDAA1DA6-61D5-4EBB-8DDA-0319946593A6}.Debug|Any CPU.ActiveCfg = Debug|Any CPU
		{DDAA1DA6-61D5-4EBB-8DDA-0319946593A6}.Debug|Any CPU.Build.0 = Debug|Any CPU
		{DDAA1DA6-61D5-4EBB-8DDA-0319946593A6}.Debug|x86.ActiveCfg = Debug|Any CPU
		{DDAA1DA6-61D5-4EBB-8DDA-0319946593A6}.Release|Any CPU.ActiveCfg = Release|Any CPU
		{DDAA1DA6-61D5-4EBB-8DDA-0319946593A6}.Release|Any CPU.Build.0 = Release|Any CPU
		{DDAA1DA6-61D5-4EBB-8DDA-0319946593A6}.Release|x86.ActiveCfg = Release|Any CPU
		{703F742F-2F69-498B-9A29-693F9EF74F2D}.Debug|Any CPU.ActiveCfg = Debug|Any CPU
		{703F742F-2F69-498B-9A29-693F9EF74F2D}.Debug|Any CPU.Build.0 = Debug|Any CPU
		{703F742F-2F69-498B-9A29-693F9EF74F2D}.Debug|x86.ActiveCfg = Debug|x86
		{703F742F-2F69-498B-9A29-693F9EF74F2D}.Debug|x86.Build.0 = Debug|x86
		{703F742F-2F69-498B-9A29-693F9EF74F2D}.Release|Any CPU.ActiveCfg = Release|Any CPU
		{703F742F-2F69-498B-9A29-693F9EF74F2D}.Release|Any CPU.Build.0 = Release|Any CPU
		{703F742F-2F69-498B-9A29-693F9EF74F2D}.Release|x86.ActiveCfg = Release|x86
		{703F742F-2F69-498B-9A29-693F9EF74F2D}.Release|x86.Build.0 = Release|x86
		{77AB9947-1F31-4BF2-86ED-24D20ED9A5DB}.Debug|Any CPU.ActiveCfg = Debug|Any CPU
		{77AB9947-1F31-4BF2-86ED-24D20ED9A5DB}.Debug|Any CPU.Build.0 = Debug|Any CPU
		{77AB9947-1F31-4BF2-86ED-24D20ED9A5DB}.Debug|x86.ActiveCfg = Debug|x86
		{77AB9947-1F31-4BF2-86ED-24D20ED9A5DB}.Debug|x86.Build.0 = Debug|x86
		{77AB9947-1F31-4BF2-86ED-24D20ED9A5DB}.Release|Any CPU.ActiveCfg = Release|Any CPU
		{77AB9947-1F31-4BF2-86ED-24D20ED9A5DB}.Release|Any CPU.Build.0 = Release|Any CPU
		{77AB9947-1F31-4BF2-86ED-24D20ED9A5DB}.Release|x86.ActiveCfg = Release|x86
		{77AB9947-1F31-4BF2-86ED-24D20ED9A5DB}.Release|x86.Build.0 = Release|x86
		{75E154A5-B060-4F68-8CA1-1E65907E13E4}.Debug|Any CPU.ActiveCfg = Debug|Any CPU
		{75E154A5-B060-4F68-8CA1-1E65907E13E4}.Debug|Any CPU.Build.0 = Debug|Any CPU
		{75E154A5-B060-4F68-8CA1-1E65907E13E4}.Debug|x86.ActiveCfg = Debug|Any CPU
		{75E154A5-B060-4F68-8CA1-1E65907E13E4}.Release|Any CPU.ActiveCfg = Release|Any CPU
		{75E154A5-B060-4F68-8CA1-1E65907E13E4}.Release|Any CPU.Build.0 = Release|Any CPU
		{75E154A5-B060-4F68-8CA1-1E65907E13E4}.Release|x86.ActiveCfg = Release|Any CPU
		{9768CE9C-343E-4EC1-B6DF-F5B86A721C8D}.Debug|Any CPU.ActiveCfg = Debug|Any CPU
		{9768CE9C-343E-4EC1-B6DF-F5B86A721C8D}.Debug|Any CPU.Build.0 = Debug|Any CPU
		{9768CE9C-343E-4EC1-B6DF-F5B86A721C8D}.Debug|x86.ActiveCfg = Debug|x86
		{9768CE9C-343E-4EC1-B6DF-F5B86A721C8D}.Debug|x86.Build.0 = Debug|x86
		{9768CE9C-343E-4EC1-B6DF-F5B86A721C8D}.Release|Any CPU.ActiveCfg = Release|Any CPU
		{9768CE9C-343E-4EC1-B6DF-F5B86A721C8D}.Release|Any CPU.Build.0 = Release|Any CPU
		{9768CE9C-343E-4EC1-B6DF-F5B86A721C8D}.Release|x86.ActiveCfg = Release|x86
		{9768CE9C-343E-4EC1-B6DF-F5B86A721C8D}.Release|x86.Build.0 = Release|x86
		{596C0806-9E9E-41C2-BC62-09ED446D2612}.Debug|Any CPU.ActiveCfg = Debug|Any CPU
		{596C0806-9E9E-41C2-BC62-09ED446D2612}.Debug|Any CPU.Build.0 = Debug|Any CPU
		{596C0806-9E9E-41C2-BC62-09ED446D2612}.Debug|x86.ActiveCfg = Debug|Any CPU
		{596C0806-9E9E-41C2-BC62-09ED446D2612}.Release|Any CPU.ActiveCfg = Release|Any CPU
		{596C0806-9E9E-41C2-BC62-09ED446D2612}.Release|Any CPU.Build.0 = Release|Any CPU
		{596C0806-9E9E-41C2-BC62-09ED446D2612}.Release|x86.ActiveCfg = Release|Any CPU
		{15F27552-6D5F-452D-A927-686E7BF0B19D}.Debug|Any CPU.ActiveCfg = Debug|Any CPU
		{15F27552-6D5F-452D-A927-686E7BF0B19D}.Debug|Any CPU.Build.0 = Debug|Any CPU
		{15F27552-6D5F-452D-A927-686E7BF0B19D}.Debug|x86.ActiveCfg = Debug|Any CPU
		{15F27552-6D5F-452D-A927-686E7BF0B19D}.Release|Any CPU.ActiveCfg = Release|Any CPU
		{15F27552-6D5F-452D-A927-686E7BF0B19D}.Release|Any CPU.Build.0 = Release|Any CPU
		{15F27552-6D5F-452D-A927-686E7BF0B19D}.Release|x86.ActiveCfg = Release|Any CPU
		{28850123-6B57-4AB0-846E-642B4A810A56}.Debug|Any CPU.ActiveCfg = Debug|Any CPU
		{28850123-6B57-4AB0-846E-642B4A810A56}.Debug|Any CPU.Build.0 = Debug|Any CPU
		{28850123-6B57-4AB0-846E-642B4A810A56}.Debug|x86.ActiveCfg = Debug|Any CPU
		{28850123-6B57-4AB0-846E-642B4A810A56}.Release|Any CPU.ActiveCfg = Release|Any CPU
		{28850123-6B57-4AB0-846E-642B4A810A56}.Release|Any CPU.Build.0 = Release|Any CPU
		{28850123-6B57-4AB0-846E-642B4A810A56}.Release|x86.ActiveCfg = Release|Any CPU
		{CF1F61FD-C28D-4B31-A3D8-FA07E8AC1175}.Debug|Any CPU.ActiveCfg = Debug|Any CPU
		{CF1F61FD-C28D-4B31-A3D8-FA07E8AC1175}.Debug|Any CPU.Build.0 = Debug|Any CPU
		{CF1F61FD-C28D-4B31-A3D8-FA07E8AC1175}.Debug|x86.ActiveCfg = Debug|Any CPU
		{CF1F61FD-C28D-4B31-A3D8-FA07E8AC1175}.Release|Any CPU.ActiveCfg = Release|Any CPU
		{CF1F61FD-C28D-4B31-A3D8-FA07E8AC1175}.Release|Any CPU.Build.0 = Release|Any CPU
		{CF1F61FD-C28D-4B31-A3D8-FA07E8AC1175}.Release|x86.ActiveCfg = Release|Any CPU
	EndGlobalSection
	GlobalSection(SolutionProperties) = preSolution
		HideSolutionNode = FALSE
	EndGlobalSection
	GlobalSection(NestedProjects) = preSolution
		{703F742F-2F69-498B-9A29-693F9EF74F2D} = {15589605-3216-4EE1-87F2-BFCDBD2ED755}
		{77AB9947-1F31-4BF2-86ED-24D20ED9A5DB} = {15589605-3216-4EE1-87F2-BFCDBD2ED755}
		{9768CE9C-343E-4EC1-B6DF-F5B86A721C8D} = {15589605-3216-4EE1-87F2-BFCDBD2ED755}
		{75E154A5-B060-4F68-8CA1-1E65907E13E4} = {8637EC9E-446A-4D80-BB25-85217DDE1C2D}
		{596C0806-9E9E-41C2-BC62-09ED446D2612} = {8637EC9E-446A-4D80-BB25-85217DDE1C2D}
		{15F27552-6D5F-452D-A927-686E7BF0B19D} = {8637EC9E-446A-4D80-BB25-85217DDE1C2D}
		{28850123-6B57-4AB0-846E-642B4A810A56} = {8637EC9E-446A-4D80-BB25-85217DDE1C2D}
		{CF1F61FD-C28D-4B31-A3D8-FA07E8AC1175} = {BD698FFA-9A8D-407C-A11A-4DE92F6E8171}
	EndGlobalSection
EndGlobal
