
Microsoft Visual Studio Solution File, Format Version 10.00
# Visual Studio 2008
Project("{FAE04EC0-301F-11D3-BF4B-00C04F79EFBC}") = "DataProvider", "DataProvider\DataProvider.csproj", "{F52E5873-A831-407C-B970-B05338137D4B}"
EndProject
Project("{FAE04EC0-301F-11D3-BF4B-00C04F79EFBC}") = "DataConsumer", "DataConsumer\DataConsumer.csproj", "{7E205D36-3E19-49E3-898B-4227956B8E84}"
EndProject
Global
	GlobalSection(SolutionConfigurationPlatforms) = preSolution
		Debug|Any CPU = Debug|Any CPU
		Release|Any CPU = Release|Any CPU
	EndGlobalSection
	GlobalSection(ProjectConfigurationPlatforms) = postSolution
		{F52E5873-A831-407C-B970-B05338137D4B}.Debug|Any CPU.ActiveCfg = Debug|Any CPU
		{F52E5873-A831-407C-B970-B05338137D4B}.Debug|Any CPU.Build.0 = Debug|Any CPU
		{F52E5873-A831-407C-B970-B05338137D4B}.Release|Any CPU.ActiveCfg = Release|Any CPU
		{F52E5873-A831-407C-B970-B05338137D4B}.Release|Any CPU.Build.0 = Release|Any CPU
		{7E205D36-3E19-49E3-898B-4227956B8E84}.Debug|Any CPU.ActiveCfg = Debug|Any CPU
		{7E205D36-3E19-49E3-898B-4227956B8E84}.Debug|Any CPU.Build.0 = Debug|Any CPU
		{7E205D36-3E19-49E3-898B-4227956B8E84}.Release|Any CPU.ActiveCfg = Release|Any CPU
		{7E205D36-3E19-49E3-898B-4227956B8E84}.Release|Any CPU.Build.0 = Release|Any CPU
	EndGlobalSection
	GlobalSection(SolutionProperties) = preSolution
		HideSolutionNode = FALSE
	EndGlobalSection
EndGlobal
